// !$*UTF8*$!
{
	archiveVersion = 1;
	classes = {
	};
	objectVersion = 46;
	objects = {

/* Begin PBXBuildFile section */
		BE00A6B516E6DC93007097D0 /* UIKit.framework in Frameworks */ = {isa = PBXBuildFile; fileRef = BE00A6B416E6DC93007097D0 /* UIKit.framework */; };
		BE00A6B716E6DC93007097D0 /* Foundation.framework in Frameworks */ = {isa = PBXBuildFile; fileRef = BE00A6B616E6DC93007097D0 /* Foundation.framework */; };
		BE00A6B916E6DC93007097D0 /* CoreGraphics.framework in Frameworks */ = {isa = PBXBuildFile; fileRef = BE00A6B816E6DC93007097D0 /* CoreGraphics.framework */; };
		BE00A6BF16E6DC93007097D0 /* InfoPlist.strings in Resources */ = {isa = PBXBuildFile; fileRef = BE00A6BD16E6DC93007097D0 /* InfoPlist.strings */; };
		BE00A6C116E6DC93007097D0 /* main.m in Sources */ = {isa = PBXBuildFile; fileRef = BE00A6C016E6DC93007097D0 /* main.m */; };
		BE00A6C516E6DC93007097D0 /* AppDelegate.m in Sources */ = {isa = PBXBuildFile; fileRef = BE00A6C416E6DC93007097D0 /* AppDelegate.m */; };
		BE00A6C716E6DC93007097D0 /* Default.png in Resources */ = {isa = PBXBuildFile; fileRef = BE00A6C616E6DC93007097D0 /* Default.png */; };
		BE00A6C916E6DC93007097D0 /* Default@2x.png in Resources */ = {isa = PBXBuildFile; fileRef = BE00A6C816E6DC93007097D0 /* Default@2x.png */; };
		BE00A6CB16E6DC93007097D0 /* Default-568h@2x.png in Resources */ = {isa = PBXBuildFile; fileRef = BE00A6CA16E6DC93007097D0 /* Default-568h@2x.png */; };
		BE00A6CE16E6DC93007097D0 /* MainStoryboard.storyboard in Resources */ = {isa = PBXBuildFile; fileRef = BE00A6CC16E6DC93007097D0 /* MainStoryboard.storyboard */; };
		BE00A6D116E6DC93007097D0 /* ViewController.m in Sources */ = {isa = PBXBuildFile; fileRef = BE00A6D016E6DC93007097D0 /* ViewController.m */; };
		BE00A6D916E6DC93007097D0 /* SenTestingKit.framework in Frameworks */ = {isa = PBXBuildFile; fileRef = BE00A6D816E6DC93007097D0 /* SenTestingKit.framework */; };
		BE00A6DA16E6DC93007097D0 /* UIKit.framework in Frameworks */ = {isa = PBXBuildFile; fileRef = BE00A6B416E6DC93007097D0 /* UIKit.framework */; };
		BE00A6DB16E6DC93007097D0 /* Foundation.framework in Frameworks */ = {isa = PBXBuildFile; fileRef = BE00A6B616E6DC93007097D0 /* Foundation.framework */; };
		BE00A6E316E6DC93007097D0 /* InfoPlist.strings in Resources */ = {isa = PBXBuildFile; fileRef = BE00A6E116E6DC93007097D0 /* InfoPlist.strings */; };
		BE00A6E616E6DC93007097D0 /* BKCBusTableTests.m in Sources */ = {isa = PBXBuildFile; fileRef = BE00A6E516E6DC93007097D0 /* BKCBusTableTests.m */; };
		BE00A6F116E6E0E6007097D0 /* BusViewController.m in Sources */ = {isa = PBXBuildFile; fileRef = BE00A6F016E6E0E6007097D0 /* BusViewController.m */; };
		BE00A6F416E6E0ED007097D0 /* BusTableViewController.m in Sources */ = {isa = PBXBuildFile; fileRef = BE00A6F316E6E0ED007097D0 /* BusTableViewController.m */; };
		BE00A70616E6FF72007097D0 /* TabBarController.m in Sources */ = {isa = PBXBuildFile; fileRef = BE00A70516E6FF72007097D0 /* TabBarController.m */; };
		BE00A75716E71008007097D0 /* SettingViewController.m in Sources */ = {isa = PBXBuildFile; fileRef = BE00A75616E71008007097D0 /* SettingViewController.m */; };
		BE00A76216E71C0B007097D0 /* NextBusViewController.m in Sources */ = {isa = PBXBuildFile; fileRef = BE00A76116E71C0B007097D0 /* NextBusViewController.m */; };
		BE00A77816E86E0E007097D0 /* DateController.m in Sources */ = {isa = PBXBuildFile; fileRef = BE00A77716E86E0E007097D0 /* DateController.m */; };
		BE00A77F16E8A833007097D0 /* TimeTable.plist in Resources */ = {isa = PBXBuildFile; fileRef = BE00A77E16E8A833007097D0 /* TimeTable.plist */; };
		BE00A78A16EB070F007097D0 /* FromRitsViewController.m in Sources */ = {isa = PBXBuildFile; fileRef = BE00A78916EB070E007097D0 /* FromRitsViewController.m */; };
		BE88C59B16EBBB34008C6EF4 /* tTableCHU_1.plist in Resources */ = {isa = PBXBuildFile; fileRef = BE88C59A16EBBB34008C6EF4 /* tTableCHU_1.plist */; };
		BE88C5A316EC494E008C6EF4 /* ToRitsViewController.m in Sources */ = {isa = PBXBuildFile; fileRef = BE88C5A216EC494E008C6EF4 /* ToRitsViewController.m */; };
		BE88C5AA16EC5FA5008C6EF4 /* tTableCHU_2.plist in Resources */ = {isa = PBXBuildFile; fileRef = BE88C5A916EC5FA5008C6EF4 /* tTableCHU_2.plist */; };
		BE88C6D816EDE88F008C6EF4 /* AddressBook.framework in Frameworks */ = {isa = PBXBuildFile; fileRef = BE88C6D716EDE88F008C6EF4 /* AddressBook.framework */; };
		BE88C6DA16EDE899008C6EF4 /* AudioToolbox.framework in Frameworks */ = {isa = PBXBuildFile; fileRef = BE88C6D916EDE899008C6EF4 /* AudioToolbox.framework */; };
		BE88C6DC16EDE8A2008C6EF4 /* AVFoundation.framework in Frameworks */ = {isa = PBXBuildFile; fileRef = BE88C6DB16EDE8A2008C6EF4 /* AVFoundation.framework */; };
		BE88C6DE16EDE8AD008C6EF4 /* CoreLocation.framework in Frameworks */ = {isa = PBXBuildFile; fileRef = BE88C6DD16EDE8AC008C6EF4 /* CoreLocation.framework */; };
		BE88C6E016EDE8CA008C6EF4 /* libsqlite3.dylib in Frameworks */ = {isa = PBXBuildFile; fileRef = BE88C6DF16EDE8CA008C6EF4 /* libsqlite3.dylib */; };
		BE88C6E216EDE8D4008C6EF4 /* libz.dylib in Frameworks */ = {isa = PBXBuildFile; fileRef = BE88C6E116EDE8D4008C6EF4 /* libz.dylib */; };
		BE88C6E416EDE8DB008C6EF4 /* MapKit.framework in Frameworks */ = {isa = PBXBuildFile; fileRef = BE88C6E316EDE8DB008C6EF4 /* MapKit.framework */; };
		BE88C6E616EDE8E3008C6EF4 /* iAd.framework in Frameworks */ = {isa = PBXBuildFile; fileRef = BE88C6E516EDE8E2008C6EF4 /* iAd.framework */; };
		BE88C6E816EDE91C008C6EF4 /* QuartzCore.framework in Frameworks */ = {isa = PBXBuildFile; fileRef = BE88C6E716EDE91C008C6EF4 /* QuartzCore.framework */; };
		BE88C6EA16EDE924008C6EF4 /* SystemConfiguration.framework in Frameworks */ = {isa = PBXBuildFile; fileRef = BE88C6E916EDE924008C6EF4 /* SystemConfiguration.framework */; };
		BE88C6EC16EDE930008C6EF4 /* MessageUI.framework in Frameworks */ = {isa = PBXBuildFile; fileRef = BE88C6EB16EDE930008C6EF4 /* MessageUI.framework */; };
		BE88C81C16EE0443008C6EF4 /* StoreKit.framework in Frameworks */ = {isa = PBXBuildFile; fileRef = BE88C81B16EE0443008C6EF4 /* StoreKit.framework */; };
		BE88C81E16EE044B008C6EF4 /* AdSupport.framework in Frameworks */ = {isa = PBXBuildFile; fileRef = BE88C81D16EE044B008C6EF4 /* AdSupport.framework */; };
		BE8C5E0816F4E18F0068C5FA /* NextBusTableViewController.m in Sources */ = {isa = PBXBuildFile; fileRef = BE8C5E0216F4E18F0068C5FA /* NextBusTableViewController.m */; };
		BE8C5E0916F4E18F0068C5FA /* testViewController.m in Sources */ = {isa = PBXBuildFile; fileRef = BE8C5E0416F4E18F0068C5FA /* testViewController.m */; };
		BE8C5E5D16F4E1D40068C5FA /* AdWhirlAdapterGoogleAdMobAds.m in Sources */ = {isa = PBXBuildFile; fileRef = BE8C5E0E16F4E1D40068C5FA /* AdWhirlAdapterGoogleAdMobAds.m */; };
		BE8C5E5E16F4E1D40068C5FA /* AdWhirlAdapterIAd.m in Sources */ = {isa = PBXBuildFile; fileRef = BE8C5E1016F4E1D40068C5FA /* AdWhirlAdapterIAd.m */; };
		BE8C5E5F16F4E1D40068C5FA /* AdWhirlAdapterCustom.m in Sources */ = {isa = PBXBuildFile; fileRef = BE8C5E1616F4E1D40068C5FA /* AdWhirlAdapterCustom.m */; };
		BE8C5E6016F4E1D40068C5FA /* AdWhirlAdapterEvent.m in Sources */ = {isa = PBXBuildFile; fileRef = BE8C5E1816F4E1D40068C5FA /* AdWhirlAdapterEvent.m */; };
		BE8C5E6116F4E1D40068C5FA /* AdWhirlAdapterGeneric.m in Sources */ = {isa = PBXBuildFile; fileRef = BE8C5E1A16F4E1D40068C5FA /* AdWhirlAdapterGeneric.m */; };
		BE8C5E6216F4E1D40068C5FA /* AdWhirlAdNetworkAdapter+Helpers.m in Sources */ = {isa = PBXBuildFile; fileRef = BE8C5E1C16F4E1D40068C5FA /* AdWhirlAdNetworkAdapter+Helpers.m */; };
		BE8C5E6316F4E1D40068C5FA /* AdWhirlAdNetworkAdapter.m in Sources */ = {isa = PBXBuildFile; fileRef = BE8C5E1D16F4E1D40068C5FA /* AdWhirlAdNetworkAdapter.m */; };
		BE8C5E6416F4E1D40068C5FA /* AdWhirlAdNetworkConfig.m in Sources */ = {isa = PBXBuildFile; fileRef = BE8C5E1F16F4E1D40068C5FA /* AdWhirlAdNetworkConfig.m */; };
		BE8C5E6516F4E1D40068C5FA /* AdWhirlAdNetworkRegistry.m in Sources */ = {isa = PBXBuildFile; fileRef = BE8C5E2116F4E1D40068C5FA /* AdWhirlAdNetworkRegistry.m */; };
		BE8C5E6616F4E1D40068C5FA /* AdWhirlClassWrapper.m in Sources */ = {isa = PBXBuildFile; fileRef = BE8C5E2316F4E1D40068C5FA /* AdWhirlClassWrapper.m */; };
		BE8C5E6716F4E1D40068C5FA /* AdWhirlConfig.m in Sources */ = {isa = PBXBuildFile; fileRef = BE8C5E2516F4E1D40068C5FA /* AdWhirlConfig.m */; };
		BE8C5E6816F4E1D40068C5FA /* AdWhirlConfigStore.m in Sources */ = {isa = PBXBuildFile; fileRef = BE8C5E2716F4E1D40068C5FA /* AdWhirlConfigStore.m */; };
		BE8C5E6916F4E1D40068C5FA /* AdWhirlCustomAdView.m in Sources */ = {isa = PBXBuildFile; fileRef = BE8C5E2916F4E1D40068C5FA /* AdWhirlCustomAdView.m */; };
		BE8C5E6A16F4E1D40068C5FA /* AdWhirlError.m in Sources */ = {isa = PBXBuildFile; fileRef = BE8C5E2B16F4E1D40068C5FA /* AdWhirlError.m */; };
		BE8C5E6B16F4E1D40068C5FA /* AdWhirlLog.m in Sources */ = {isa = PBXBuildFile; fileRef = BE8C5E2D16F4E1D40068C5FA /* AdWhirlLog.m */; };
		BE8C5E6C16F4E1D40068C5FA /* AdWhirlView.m in Sources */ = {isa = PBXBuildFile; fileRef = BE8C5E2F16F4E1D40068C5FA /* AdWhirlView.m */; };
		BE8C5E6D16F4E1D40068C5FA /* AdWhirlWebBrowser.xib in Resources */ = {isa = PBXBuildFile; fileRef = BE8C5E3016F4E1D40068C5FA /* AdWhirlWebBrowser.xib */; };
		BE8C5E6E16F4E1D40068C5FA /* AdWhirlWebBrowserController.m in Sources */ = {isa = PBXBuildFile; fileRef = BE8C5E3216F4E1D40068C5FA /* AdWhirlWebBrowserController.m */; };
		BE8C5E6F16F4E1D40068C5FA /* ARRollerView.m in Sources */ = {isa = PBXBuildFile; fileRef = BE8C5E3316F4E1D40068C5FA /* ARRollerView.m */; };
		BE8C5E7016F4E1D40068C5FA /* AWNetworkReachabilityWrapper.m in Sources */ = {isa = PBXBuildFile; fileRef = BE8C5E3616F4E1D40068C5FA /* AWNetworkReachabilityWrapper.m */; };
		BE8C5E7116F4E1D40068C5FA /* UIColor+AdWhirlConfig.m in Sources */ = {isa = PBXBuildFile; fileRef = BE8C5E3816F4E1D40068C5FA /* UIColor+AdWhirlConfig.m */; };
		BE8C5E7216F4E1D40068C5FA /* libGoogleAdMobAds.a in Frameworks */ = {isa = PBXBuildFile; fileRef = BE8C5E4516F4E1D40068C5FA /* libGoogleAdMobAds.a */; };
		BE8C5E7316F4E1D40068C5FA /* CDataScanner.m in Sources */ = {isa = PBXBuildFile; fileRef = BE8C5E4816F4E1D40068C5FA /* CDataScanner.m */; };
		BE8C5E7416F4E1D40068C5FA /* CDataScanner_Extensions.m in Sources */ = {isa = PBXBuildFile; fileRef = BE8C5E4B16F4E1D40068C5FA /* CDataScanner_Extensions.m */; };
		BE8C5E7516F4E1D40068C5FA /* NSCharacterSet_Extensions.m in Sources */ = {isa = PBXBuildFile; fileRef = BE8C5E4D16F4E1D40068C5FA /* NSCharacterSet_Extensions.m */; };
		BE8C5E7616F4E1D40068C5FA /* NSDictionary_JSONExtensions.m in Sources */ = {isa = PBXBuildFile; fileRef = BE8C5E4F16F4E1D40068C5FA /* NSDictionary_JSONExtensions.m */; };
		BE8C5E7716F4E1D40068C5FA /* NSScanner_Extensions.m in Sources */ = {isa = PBXBuildFile; fileRef = BE8C5E5116F4E1D40068C5FA /* NSScanner_Extensions.m */; };
		BE8C5E7816F4E1D40068C5FA /* CJSONDataSerializer.m in Sources */ = {isa = PBXBuildFile; fileRef = BE8C5E5416F4E1D40068C5FA /* CJSONDataSerializer.m */; };
		BE8C5E7916F4E1D40068C5FA /* CJSONDeserializer.m in Sources */ = {isa = PBXBuildFile; fileRef = BE8C5E5616F4E1D40068C5FA /* CJSONDeserializer.m */; };
		BE8C5E7A16F4E1D40068C5FA /* CJSONScanner.m in Sources */ = {isa = PBXBuildFile; fileRef = BE8C5E5816F4E1D40068C5FA /* CJSONScanner.m */; };
		BE8C5E7B16F4E1D40068C5FA /* CJSONSerializer.m in Sources */ = {isa = PBXBuildFile; fileRef = BE8C5E5A16F4E1D40068C5FA /* CJSONSerializer.m */; };
		BE8C5E7C16F4E1D40068C5FA /* CSerializedJSONData.m in Sources */ = {isa = PBXBuildFile; fileRef = BE8C5E5C16F4E1D40068C5FA /* CSerializedJSONData.m */; };
/* End PBXBuildFile section */

/* Begin PBXContainerItemProxy section */
		BE00A6DC16E6DC93007097D0 /* PBXContainerItemProxy */ = {
			isa = PBXContainerItemProxy;
			containerPortal = BE00A6A716E6DC93007097D0 /* Project object */;
			proxyType = 1;
			remoteGlobalIDString = BE00A6AF16E6DC93007097D0;
			remoteInfo = BKCBusTable;
		};
/* End PBXContainerItemProxy section */

/* Begin PBXFileReference section */
		BE00A6B016E6DC93007097D0 /* BKCBusTable.app */ = {isa = PBXFileReference; explicitFileType = wrapper.application; includeInIndex = 0; path = BKCBusTable.app; sourceTree = BUILT_PRODUCTS_DIR; };
		BE00A6B416E6DC93007097D0 /* UIKit.framework */ = {isa = PBXFileReference; lastKnownFileType = wrapper.framework; name = UIKit.framework; path = System/Library/Frameworks/UIKit.framework; sourceTree = SDKROOT; };
		BE00A6B616E6DC93007097D0 /* Foundation.framework */ = {isa = PBXFileReference; lastKnownFileType = wrapper.framework; name = Foundation.framework; path = System/Library/Frameworks/Foundation.framework; sourceTree = SDKROOT; };
		BE00A6B816E6DC93007097D0 /* CoreGraphics.framework */ = {isa = PBXFileReference; lastKnownFileType = wrapper.framework; name = CoreGraphics.framework; path = System/Library/Frameworks/CoreGraphics.framework; sourceTree = SDKROOT; };
		BE00A6BC16E6DC93007097D0 /* BKCBusTable-Info.plist */ = {isa = PBXFileReference; lastKnownFileType = text.plist.xml; path = "BKCBusTable-Info.plist"; sourceTree = "<group>"; };
		BE00A6BE16E6DC93007097D0 /* en */ = {isa = PBXFileReference; lastKnownFileType = text.plist.strings; name = en; path = en.lproj/InfoPlist.strings; sourceTree = "<group>"; };
		BE00A6C016E6DC93007097D0 /* main.m */ = {isa = PBXFileReference; lastKnownFileType = sourcecode.c.objc; path = main.m; sourceTree = "<group>"; };
		BE00A6C216E6DC93007097D0 /* BKCBusTable-Prefix.pch */ = {isa = PBXFileReference; lastKnownFileType = sourcecode.c.h; path = "BKCBusTable-Prefix.pch"; sourceTree = "<group>"; };
		BE00A6C316E6DC93007097D0 /* AppDelegate.h */ = {isa = PBXFileReference; lastKnownFileType = sourcecode.c.h; path = AppDelegate.h; sourceTree = "<group>"; };
		BE00A6C416E6DC93007097D0 /* AppDelegate.m */ = {isa = PBXFileReference; lastKnownFileType = sourcecode.c.objc; path = AppDelegate.m; sourceTree = "<group>"; };
		BE00A6C616E6DC93007097D0 /* Default.png */ = {isa = PBXFileReference; lastKnownFileType = image.png; path = Default.png; sourceTree = "<group>"; };
		BE00A6C816E6DC93007097D0 /* Default@2x.png */ = {isa = PBXFileReference; lastKnownFileType = image.png; path = "Default@2x.png"; sourceTree = "<group>"; };
		BE00A6CA16E6DC93007097D0 /* Default-568h@2x.png */ = {isa = PBXFileReference; lastKnownFileType = image.png; path = "Default-568h@2x.png"; sourceTree = "<group>"; };
		BE00A6CD16E6DC93007097D0 /* en */ = {isa = PBXFileReference; lastKnownFileType = file.storyboard; name = en; path = en.lproj/MainStoryboard.storyboard; sourceTree = "<group>"; };
		BE00A6CF16E6DC93007097D0 /* ViewController.h */ = {isa = PBXFileReference; lastKnownFileType = sourcecode.c.h; path = ViewController.h; sourceTree = "<group>"; };
		BE00A6D016E6DC93007097D0 /* ViewController.m */ = {isa = PBXFileReference; lastKnownFileType = sourcecode.c.objc; path = ViewController.m; sourceTree = "<group>"; };
		BE00A6D716E6DC93007097D0 /* BKCBusTableTests.octest */ = {isa = PBXFileReference; explicitFileType = wrapper.cfbundle; includeInIndex = 0; path = BKCBusTableTests.octest; sourceTree = BUILT_PRODUCTS_DIR; };
		BE00A6D816E6DC93007097D0 /* SenTestingKit.framework */ = {isa = PBXFileReference; lastKnownFileType = wrapper.framework; name = SenTestingKit.framework; path = Library/Frameworks/SenTestingKit.framework; sourceTree = DEVELOPER_DIR; };
		BE00A6E016E6DC93007097D0 /* BKCBusTableTests-Info.plist */ = {isa = PBXFileReference; lastKnownFileType = text.plist.xml; path = "BKCBusTableTests-Info.plist"; sourceTree = "<group>"; };
		BE00A6E216E6DC93007097D0 /* en */ = {isa = PBXFileReference; lastKnownFileType = text.plist.strings; name = en; path = en.lproj/InfoPlist.strings; sourceTree = "<group>"; };
		BE00A6E416E6DC93007097D0 /* BKCBusTableTests.h */ = {isa = PBXFileReference; lastKnownFileType = sourcecode.c.h; path = BKCBusTableTests.h; sourceTree = "<group>"; };
		BE00A6E516E6DC93007097D0 /* BKCBusTableTests.m */ = {isa = PBXFileReference; lastKnownFileType = sourcecode.c.objc; path = BKCBusTableTests.m; sourceTree = "<group>"; };
		BE00A6EF16E6E0E6007097D0 /* BusViewController.h */ = {isa = PBXFileReference; fileEncoding = 4; lastKnownFileType = sourcecode.c.h; path = BusViewController.h; sourceTree = "<group>"; };
		BE00A6F016E6E0E6007097D0 /* BusViewController.m */ = {isa = PBXFileReference; fileEncoding = 4; lastKnownFileType = sourcecode.c.objc; path = BusViewController.m; sourceTree = "<group>"; };
		BE00A6F216E6E0ED007097D0 /* BusTableViewController.h */ = {isa = PBXFileReference; fileEncoding = 4; lastKnownFileType = sourcecode.c.h; path = BusTableViewController.h; sourceTree = "<group>"; };
		BE00A6F316E6E0ED007097D0 /* BusTableViewController.m */ = {isa = PBXFileReference; fileEncoding = 4; lastKnownFileType = sourcecode.c.objc; path = BusTableViewController.m; sourceTree = "<group>"; };
		BE00A70416E6FF72007097D0 /* TabBarController.h */ = {isa = PBXFileReference; fileEncoding = 4; lastKnownFileType = sourcecode.c.h; path = TabBarController.h; sourceTree = "<group>"; };
		BE00A70516E6FF72007097D0 /* TabBarController.m */ = {isa = PBXFileReference; fileEncoding = 4; lastKnownFileType = sourcecode.c.objc; path = TabBarController.m; sourceTree = "<group>"; };
		BE00A75516E71008007097D0 /* SettingViewController.h */ = {isa = PBXFileReference; fileEncoding = 4; lastKnownFileType = sourcecode.c.h; path = SettingViewController.h; sourceTree = "<group>"; };
		BE00A75616E71008007097D0 /* SettingViewController.m */ = {isa = PBXFileReference; fileEncoding = 4; lastKnownFileType = sourcecode.c.objc; path = SettingViewController.m; sourceTree = "<group>"; };
		BE00A76016E71C0B007097D0 /* NextBusViewController.h */ = {isa = PBXFileReference; fileEncoding = 4; lastKnownFileType = sourcecode.c.h; path = NextBusViewController.h; sourceTree = "<group>"; };
		BE00A76116E71C0B007097D0 /* NextBusViewController.m */ = {isa = PBXFileReference; fileEncoding = 4; lastKnownFileType = sourcecode.c.objc; path = NextBusViewController.m; sourceTree = "<group>"; };
		BE00A77616E86E0E007097D0 /* DateController.h */ = {isa = PBXFileReference; fileEncoding = 4; lastKnownFileType = sourcecode.c.h; path = DateController.h; sourceTree = "<group>"; };
		BE00A77716E86E0E007097D0 /* DateController.m */ = {isa = PBXFileReference; fileEncoding = 4; lastKnownFileType = sourcecode.c.objc; path = DateController.m; sourceTree = "<group>"; };
		BE00A77E16E8A833007097D0 /* TimeTable.plist */ = {isa = PBXFileReference; fileEncoding = 4; lastKnownFileType = text.plist.xml; path = TimeTable.plist; sourceTree = "<group>"; };
		BE00A78816EB070E007097D0 /* FromRitsViewController.h */ = {isa = PBXFileReference; fileEncoding = 4; lastKnownFileType = sourcecode.c.h; path = FromRitsViewController.h; sourceTree = "<group>"; };
		BE00A78916EB070E007097D0 /* FromRitsViewController.m */ = {isa = PBXFileReference; fileEncoding = 4; lastKnownFileType = sourcecode.c.objc; path = FromRitsViewController.m; sourceTree = "<group>"; };
		BE88C59A16EBBB34008C6EF4 /* tTableCHU_1.plist */ = {isa = PBXFileReference; fileEncoding = 4; lastKnownFileType = text.plist.xml; path = tTableCHU_1.plist; sourceTree = "<group>"; };
		BE88C5A116EC494E008C6EF4 /* ToRitsViewController.h */ = {isa = PBXFileReference; fileEncoding = 4; lastKnownFileType = sourcecode.c.h; path = ToRitsViewController.h; sourceTree = "<group>"; };
		BE88C5A216EC494E008C6EF4 /* ToRitsViewController.m */ = {isa = PBXFileReference; fileEncoding = 4; lastKnownFileType = sourcecode.c.objc; path = ToRitsViewController.m; sourceTree = "<group>"; };
		BE88C5A916EC5FA5008C6EF4 /* tTableCHU_2.plist */ = {isa = PBXFileReference; fileEncoding = 4; lastKnownFileType = text.plist.xml; path = tTableCHU_2.plist; sourceTree = "<group>"; };
		BE88C6D716EDE88F008C6EF4 /* AddressBook.framework */ = {isa = PBXFileReference; lastKnownFileType = wrapper.framework; name = AddressBook.framework; path = System/Library/Frameworks/AddressBook.framework; sourceTree = SDKROOT; };
		BE88C6D916EDE899008C6EF4 /* AudioToolbox.framework */ = {isa = PBXFileReference; lastKnownFileType = wrapper.framework; name = AudioToolbox.framework; path = System/Library/Frameworks/AudioToolbox.framework; sourceTree = SDKROOT; };
		BE88C6DB16EDE8A2008C6EF4 /* AVFoundation.framework */ = {isa = PBXFileReference; lastKnownFileType = wrapper.framework; name = AVFoundation.framework; path = System/Library/Frameworks/AVFoundation.framework; sourceTree = SDKROOT; };
		BE88C6DD16EDE8AC008C6EF4 /* CoreLocation.framework */ = {isa = PBXFileReference; lastKnownFileType = wrapper.framework; name = CoreLocation.framework; path = System/Library/Frameworks/CoreLocation.framework; sourceTree = SDKROOT; };
		BE88C6DF16EDE8CA008C6EF4 /* libsqlite3.dylib */ = {isa = PBXFileReference; lastKnownFileType = "compiled.mach-o.dylib"; name = libsqlite3.dylib; path = usr/lib/libsqlite3.dylib; sourceTree = SDKROOT; };
		BE88C6E116EDE8D4008C6EF4 /* libz.dylib */ = {isa = PBXFileReference; lastKnownFileType = "compiled.mach-o.dylib"; name = libz.dylib; path = usr/lib/libz.dylib; sourceTree = SDKROOT; };
		BE88C6E316EDE8DB008C6EF4 /* MapKit.framework */ = {isa = PBXFileReference; lastKnownFileType = wrapper.framework; name = MapKit.framework; path = System/Library/Frameworks/MapKit.framework; sourceTree = SDKROOT; };
		BE88C6E516EDE8E2008C6EF4 /* iAd.framework */ = {isa = PBXFileReference; lastKnownFileType = wrapper.framework; name = iAd.framework; path = System/Library/Frameworks/iAd.framework; sourceTree = SDKROOT; };
		BE88C6E716EDE91C008C6EF4 /* QuartzCore.framework */ = {isa = PBXFileReference; lastKnownFileType = wrapper.framework; name = QuartzCore.framework; path = System/Library/Frameworks/QuartzCore.framework; sourceTree = SDKROOT; };
		BE88C6E916EDE924008C6EF4 /* SystemConfiguration.framework */ = {isa = PBXFileReference; lastKnownFileType = wrapper.framework; name = SystemConfiguration.framework; path = System/Library/Frameworks/SystemConfiguration.framework; sourceTree = SDKROOT; };
		BE88C6EB16EDE930008C6EF4 /* MessageUI.framework */ = {isa = PBXFileReference; lastKnownFileType = wrapper.framework; name = MessageUI.framework; path = System/Library/Frameworks/MessageUI.framework; sourceTree = SDKROOT; };
		BE88C81B16EE0443008C6EF4 /* StoreKit.framework */ = {isa = PBXFileReference; lastKnownFileType = wrapper.framework; name = StoreKit.framework; path = System/Library/Frameworks/StoreKit.framework; sourceTree = SDKROOT; };
		BE88C81D16EE044B008C6EF4 /* AdSupport.framework */ = {isa = PBXFileReference; lastKnownFileType = wrapper.framework; name = AdSupport.framework; path = System/Library/Frameworks/AdSupport.framework; sourceTree = SDKROOT; };
		BE8C5E0116F4E18F0068C5FA /* NextBusTableViewController.h */ = {isa = PBXFileReference; fileEncoding = 4; lastKnownFileType = sourcecode.c.h; name = NextBusTableViewController.h; path = BKCBusTable/NextBusTableViewController.h; sourceTree = "<group>"; };
		BE8C5E0216F4E18F0068C5FA /* NextBusTableViewController.m */ = {isa = PBXFileReference; fileEncoding = 4; lastKnownFileType = sourcecode.c.objc; name = NextBusTableViewController.m; path = BKCBusTable/NextBusTableViewController.m; sourceTree = "<group>"; };
		BE8C5E0316F4E18F0068C5FA /* testViewController.h */ = {isa = PBXFileReference; fileEncoding = 4; lastKnownFileType = sourcecode.c.h; name = testViewController.h; path = BKCBusTable/testViewController.h; sourceTree = "<group>"; };
		BE8C5E0416F4E18F0068C5FA /* testViewController.m */ = {isa = PBXFileReference; fileEncoding = 4; lastKnownFileType = sourcecode.c.objc; name = testViewController.m; path = BKCBusTable/testViewController.m; sourceTree = "<group>"; };
		BE8C5E0D16F4E1D40068C5FA /* AdWhirlAdapterGoogleAdMobAds.h */ = {isa = PBXFileReference; fileEncoding = 4; lastKnownFileType = sourcecode.c.h; path = AdWhirlAdapterGoogleAdMobAds.h; sourceTree = "<group>"; };
		BE8C5E0E16F4E1D40068C5FA /* AdWhirlAdapterGoogleAdMobAds.m */ = {isa = PBXFileReference; fileEncoding = 4; lastKnownFileType = sourcecode.c.objc; path = AdWhirlAdapterGoogleAdMobAds.m; sourceTree = "<group>"; };
		BE8C5E0F16F4E1D40068C5FA /* AdWhirlAdapterIAd.h */ = {isa = PBXFileReference; fileEncoding = 4; lastKnownFileType = sourcecode.c.h; path = AdWhirlAdapterIAd.h; sourceTree = "<group>"; };
		BE8C5E1016F4E1D40068C5FA /* AdWhirlAdapterIAd.m */ = {isa = PBXFileReference; fileEncoding = 4; lastKnownFileType = sourcecode.c.objc; path = AdWhirlAdapterIAd.m; sourceTree = "<group>"; };
		BE8C5E1116F4E1D40068C5FA /* AdWhirlAdNetworkAdapter.h */ = {isa = PBXFileReference; fileEncoding = 4; lastKnownFileType = sourcecode.c.h; path = AdWhirlAdNetworkAdapter.h; sourceTree = "<group>"; };
		BE8C5E1216F4E1D40068C5FA /* AdWhirlDelegateProtocol.h */ = {isa = PBXFileReference; fileEncoding = 4; lastKnownFileType = sourcecode.c.h; path = AdWhirlDelegateProtocol.h; sourceTree = "<group>"; };
		BE8C5E1316F4E1D40068C5FA /* AdWhirlView.h */ = {isa = PBXFileReference; fileEncoding = 4; lastKnownFileType = sourcecode.c.h; path = AdWhirlView.h; sourceTree = "<group>"; };
		BE8C5E1516F4E1D40068C5FA /* AdWhirlAdapterCustom.h */ = {isa = PBXFileReference; fileEncoding = 4; lastKnownFileType = sourcecode.c.h; path = AdWhirlAdapterCustom.h; sourceTree = "<group>"; };
		BE8C5E1616F4E1D40068C5FA /* AdWhirlAdapterCustom.m */ = {isa = PBXFileReference; fileEncoding = 4; lastKnownFileType = sourcecode.c.objc; path = AdWhirlAdapterCustom.m; sourceTree = "<group>"; };
		BE8C5E1716F4E1D40068C5FA /* AdWhirlAdapterEvent.h */ = {isa = PBXFileReference; fileEncoding = 4; lastKnownFileType = sourcecode.c.h; path = AdWhirlAdapterEvent.h; sourceTree = "<group>"; };
		BE8C5E1816F4E1D40068C5FA /* AdWhirlAdapterEvent.m */ = {isa = PBXFileReference; fileEncoding = 4; lastKnownFileType = sourcecode.c.objc; path = AdWhirlAdapterEvent.m; sourceTree = "<group>"; };
		BE8C5E1916F4E1D40068C5FA /* AdWhirlAdapterGeneric.h */ = {isa = PBXFileReference; fileEncoding = 4; lastKnownFileType = sourcecode.c.h; path = AdWhirlAdapterGeneric.h; sourceTree = "<group>"; };
		BE8C5E1A16F4E1D40068C5FA /* AdWhirlAdapterGeneric.m */ = {isa = PBXFileReference; fileEncoding = 4; lastKnownFileType = sourcecode.c.objc; path = AdWhirlAdapterGeneric.m; sourceTree = "<group>"; };
		BE8C5E1B16F4E1D40068C5FA /* AdWhirlAdNetworkAdapter+Helpers.h */ = {isa = PBXFileReference; fileEncoding = 4; lastKnownFileType = sourcecode.c.h; path = "AdWhirlAdNetworkAdapter+Helpers.h"; sourceTree = "<group>"; };
		BE8C5E1C16F4E1D40068C5FA /* AdWhirlAdNetworkAdapter+Helpers.m */ = {isa = PBXFileReference; fileEncoding = 4; lastKnownFileType = sourcecode.c.objc; path = "AdWhirlAdNetworkAdapter+Helpers.m"; sourceTree = "<group>"; };
		BE8C5E1D16F4E1D40068C5FA /* AdWhirlAdNetworkAdapter.m */ = {isa = PBXFileReference; fileEncoding = 4; lastKnownFileType = sourcecode.c.objc; path = AdWhirlAdNetworkAdapter.m; sourceTree = "<group>"; };
		BE8C5E1E16F4E1D40068C5FA /* AdWhirlAdNetworkConfig.h */ = {isa = PBXFileReference; fileEncoding = 4; lastKnownFileType = sourcecode.c.h; path = AdWhirlAdNetworkConfig.h; sourceTree = "<group>"; };
		BE8C5E1F16F4E1D40068C5FA /* AdWhirlAdNetworkConfig.m */ = {isa = PBXFileReference; fileEncoding = 4; lastKnownFileType = sourcecode.c.objc; path = AdWhirlAdNetworkConfig.m; sourceTree = "<group>"; };
		BE8C5E2016F4E1D40068C5FA /* AdWhirlAdNetworkRegistry.h */ = {isa = PBXFileReference; fileEncoding = 4; lastKnownFileType = sourcecode.c.h; path = AdWhirlAdNetworkRegistry.h; sourceTree = "<group>"; };
		BE8C5E2116F4E1D40068C5FA /* AdWhirlAdNetworkRegistry.m */ = {isa = PBXFileReference; fileEncoding = 4; lastKnownFileType = sourcecode.c.objc; path = AdWhirlAdNetworkRegistry.m; sourceTree = "<group>"; };
		BE8C5E2216F4E1D40068C5FA /* AdWhirlClassWrapper.h */ = {isa = PBXFileReference; fileEncoding = 4; lastKnownFileType = sourcecode.c.h; path = AdWhirlClassWrapper.h; sourceTree = "<group>"; };
		BE8C5E2316F4E1D40068C5FA /* AdWhirlClassWrapper.m */ = {isa = PBXFileReference; fileEncoding = 4; lastKnownFileType = sourcecode.c.objc; path = AdWhirlClassWrapper.m; sourceTree = "<group>"; };
		BE8C5E2416F4E1D40068C5FA /* AdWhirlConfig.h */ = {isa = PBXFileReference; fileEncoding = 4; lastKnownFileType = sourcecode.c.h; path = AdWhirlConfig.h; sourceTree = "<group>"; };
		BE8C5E2516F4E1D40068C5FA /* AdWhirlConfig.m */ = {isa = PBXFileReference; fileEncoding = 4; lastKnownFileType = sourcecode.c.objc; path = AdWhirlConfig.m; sourceTree = "<group>"; };
		BE8C5E2616F4E1D40068C5FA /* AdWhirlConfigStore.h */ = {isa = PBXFileReference; fileEncoding = 4; lastKnownFileType = sourcecode.c.h; path = AdWhirlConfigStore.h; sourceTree = "<group>"; };
		BE8C5E2716F4E1D40068C5FA /* AdWhirlConfigStore.m */ = {isa = PBXFileReference; fileEncoding = 4; lastKnownFileType = sourcecode.c.objc; path = AdWhirlConfigStore.m; sourceTree = "<group>"; };
		BE8C5E2816F4E1D40068C5FA /* AdWhirlCustomAdView.h */ = {isa = PBXFileReference; fileEncoding = 4; lastKnownFileType = sourcecode.c.h; path = AdWhirlCustomAdView.h; sourceTree = "<group>"; };
		BE8C5E2916F4E1D40068C5FA /* AdWhirlCustomAdView.m */ = {isa = PBXFileReference; fileEncoding = 4; lastKnownFileType = sourcecode.c.objc; path = AdWhirlCustomAdView.m; sourceTree = "<group>"; };
		BE8C5E2A16F4E1D40068C5FA /* AdWhirlError.h */ = {isa = PBXFileReference; fileEncoding = 4; lastKnownFileType = sourcecode.c.h; path = AdWhirlError.h; sourceTree = "<group>"; };
		BE8C5E2B16F4E1D40068C5FA /* AdWhirlError.m */ = {isa = PBXFileReference; fileEncoding = 4; lastKnownFileType = sourcecode.c.objc; path = AdWhirlError.m; sourceTree = "<group>"; };
		BE8C5E2C16F4E1D40068C5FA /* AdWhirlLog.h */ = {isa = PBXFileReference; fileEncoding = 4; lastKnownFileType = sourcecode.c.h; path = AdWhirlLog.h; sourceTree = "<group>"; };
		BE8C5E2D16F4E1D40068C5FA /* AdWhirlLog.m */ = {isa = PBXFileReference; fileEncoding = 4; lastKnownFileType = sourcecode.c.objc; path = AdWhirlLog.m; sourceTree = "<group>"; };
		BE8C5E2E16F4E1D40068C5FA /* AdWhirlView+.h */ = {isa = PBXFileReference; fileEncoding = 4; lastKnownFileType = sourcecode.c.h; path = "AdWhirlView+.h"; sourceTree = "<group>"; };
		BE8C5E2F16F4E1D40068C5FA /* AdWhirlView.m */ = {isa = PBXFileReference; fileEncoding = 4; lastKnownFileType = sourcecode.c.objc; path = AdWhirlView.m; sourceTree = "<group>"; };
		BE8C5E3016F4E1D40068C5FA /* AdWhirlWebBrowser.xib */ = {isa = PBXFileReference; fileEncoding = 4; lastKnownFileType = file.xib; path = AdWhirlWebBrowser.xib; sourceTree = "<group>"; };
		BE8C5E3116F4E1D40068C5FA /* AdWhirlWebBrowserController.h */ = {isa = PBXFileReference; fileEncoding = 4; lastKnownFileType = sourcecode.c.h; path = AdWhirlWebBrowserController.h; sourceTree = "<group>"; };
		BE8C5E3216F4E1D40068C5FA /* AdWhirlWebBrowserController.m */ = {isa = PBXFileReference; fileEncoding = 4; lastKnownFileType = sourcecode.c.objc; path = AdWhirlWebBrowserController.m; sourceTree = "<group>"; };
		BE8C5E3316F4E1D40068C5FA /* ARRollerView.m */ = {isa = PBXFileReference; fileEncoding = 4; lastKnownFileType = sourcecode.c.objc; path = ARRollerView.m; sourceTree = "<group>"; };
		BE8C5E3416F4E1D40068C5FA /* AWNetworkReachabilityDelegate.h */ = {isa = PBXFileReference; fileEncoding = 4; lastKnownFileType = sourcecode.c.h; path = AWNetworkReachabilityDelegate.h; sourceTree = "<group>"; };
		BE8C5E3516F4E1D40068C5FA /* AWNetworkReachabilityWrapper.h */ = {isa = PBXFileReference; fileEncoding = 4; lastKnownFileType = sourcecode.c.h; path = AWNetworkReachabilityWrapper.h; sourceTree = "<group>"; };
		BE8C5E3616F4E1D40068C5FA /* AWNetworkReachabilityWrapper.m */ = {isa = PBXFileReference; fileEncoding = 4; lastKnownFileType = sourcecode.c.objc; path = AWNetworkReachabilityWrapper.m; sourceTree = "<group>"; };
		BE8C5E3716F4E1D40068C5FA /* UIColor+AdWhirlConfig.h */ = {isa = PBXFileReference; fileEncoding = 4; lastKnownFileType = sourcecode.c.h; path = "UIColor+AdWhirlConfig.h"; sourceTree = "<group>"; };
		BE8C5E3816F4E1D40068C5FA /* UIColor+AdWhirlConfig.m */ = {isa = PBXFileReference; fileEncoding = 4; lastKnownFileType = sourcecode.c.objc; path = "UIColor+AdWhirlConfig.m"; sourceTree = "<group>"; };
		BE8C5E3A16F4E1D40068C5FA /* ARRollerProtocol.h */ = {isa = PBXFileReference; fileEncoding = 4; lastKnownFileType = sourcecode.c.h; path = ARRollerProtocol.h; sourceTree = "<group>"; };
		BE8C5E3B16F4E1D40068C5FA /* ARRollerView.h */ = {isa = PBXFileReference; fileEncoding = 4; lastKnownFileType = sourcecode.c.h; path = ARRollerView.h; sourceTree = "<group>"; };
		BE8C5E3C16F4E1D40068C5FA /* GADAdMobExtras.h */ = {isa = PBXFileReference; fileEncoding = 4; lastKnownFileType = sourcecode.c.h; name = GADAdMobExtras.h; path = BKCBusTable/GADAdMobExtras.h; sourceTree = "<group>"; };
		BE8C5E3D16F4E1D40068C5FA /* GADAdNetworkExtras.h */ = {isa = PBXFileReference; fileEncoding = 4; lastKnownFileType = sourcecode.c.h; name = GADAdNetworkExtras.h; path = BKCBusTable/GADAdNetworkExtras.h; sourceTree = "<group>"; };
		BE8C5E3E16F4E1D40068C5FA /* GADAdSize.h */ = {isa = PBXFileReference; fileEncoding = 4; lastKnownFileType = sourcecode.c.h; name = GADAdSize.h; path = BKCBusTable/GADAdSize.h; sourceTree = "<group>"; };
		BE8C5E3F16F4E1D40068C5FA /* GADBannerView.h */ = {isa = PBXFileReference; fileEncoding = 4; lastKnownFileType = sourcecode.c.h; name = GADBannerView.h; path = BKCBusTable/GADBannerView.h; sourceTree = "<group>"; };
		BE8C5E4016F4E1D40068C5FA /* GADBannerViewDelegate.h */ = {isa = PBXFileReference; fileEncoding = 4; lastKnownFileType = sourcecode.c.h; name = GADBannerViewDelegate.h; path = BKCBusTable/GADBannerViewDelegate.h; sourceTree = "<group>"; };
		BE8C5E4116F4E1D40068C5FA /* GADInterstitial.h */ = {isa = PBXFileReference; fileEncoding = 4; lastKnownFileType = sourcecode.c.h; name = GADInterstitial.h; path = BKCBusTable/GADInterstitial.h; sourceTree = "<group>"; };
		BE8C5E4216F4E1D40068C5FA /* GADInterstitialDelegate.h */ = {isa = PBXFileReference; fileEncoding = 4; lastKnownFileType = sourcecode.c.h; name = GADInterstitialDelegate.h; path = BKCBusTable/GADInterstitialDelegate.h; sourceTree = "<group>"; };
		BE8C5E4316F4E1D40068C5FA /* GADRequest.h */ = {isa = PBXFileReference; fileEncoding = 4; lastKnownFileType = sourcecode.c.h; name = GADRequest.h; path = BKCBusTable/GADRequest.h; sourceTree = "<group>"; };
		BE8C5E4416F4E1D40068C5FA /* GADRequestError.h */ = {isa = PBXFileReference; fileEncoding = 4; lastKnownFileType = sourcecode.c.h; name = GADRequestError.h; path = BKCBusTable/GADRequestError.h; sourceTree = "<group>"; };
		BE8C5E4516F4E1D40068C5FA /* libGoogleAdMobAds.a */ = {isa = PBXFileReference; lastKnownFileType = archive.ar; name = libGoogleAdMobAds.a; path = BKCBusTable/libGoogleAdMobAds.a; sourceTree = "<group>"; };
		BE8C5E4716F4E1D40068C5FA /* CDataScanner.h */ = {isa = PBXFileReference; fileEncoding = 4; lastKnownFileType = sourcecode.c.h; path = CDataScanner.h; sourceTree = "<group>"; };
		BE8C5E4816F4E1D40068C5FA /* CDataScanner.m */ = {isa = PBXFileReference; fileEncoding = 4; lastKnownFileType = sourcecode.c.objc; path = CDataScanner.m; sourceTree = "<group>"; };
		BE8C5E4A16F4E1D40068C5FA /* CDataScanner_Extensions.h */ = {isa = PBXFileReference; fileEncoding = 4; lastKnownFileType = sourcecode.c.h; path = CDataScanner_Extensions.h; sourceTree = "<group>"; };
		BE8C5E4B16F4E1D40068C5FA /* CDataScanner_Extensions.m */ = {isa = PBXFileReference; fileEncoding = 4; lastKnownFileType = sourcecode.c.objc; path = CDataScanner_Extensions.m; sourceTree = "<group>"; };
		BE8C5E4C16F4E1D40068C5FA /* NSCharacterSet_Extensions.h */ = {isa = PBXFileReference; fileEncoding = 4; lastKnownFileType = sourcecode.c.h; path = NSCharacterSet_Extensions.h; sourceTree = "<group>"; };
		BE8C5E4D16F4E1D40068C5FA /* NSCharacterSet_Extensions.m */ = {isa = PBXFileReference; fileEncoding = 4; lastKnownFileType = sourcecode.c.objc; path = NSCharacterSet_Extensions.m; sourceTree = "<group>"; };
		BE8C5E4E16F4E1D40068C5FA /* NSDictionary_JSONExtensions.h */ = {isa = PBXFileReference; fileEncoding = 4; lastKnownFileType = sourcecode.c.h; path = NSDictionary_JSONExtensions.h; sourceTree = "<group>"; };
		BE8C5E4F16F4E1D40068C5FA /* NSDictionary_JSONExtensions.m */ = {isa = PBXFileReference; fileEncoding = 4; lastKnownFileType = sourcecode.c.objc; path = NSDictionary_JSONExtensions.m; sourceTree = "<group>"; };
		BE8C5E5016F4E1D40068C5FA /* NSScanner_Extensions.h */ = {isa = PBXFileReference; fileEncoding = 4; lastKnownFileType = sourcecode.c.h; path = NSScanner_Extensions.h; sourceTree = "<group>"; };
		BE8C5E5116F4E1D40068C5FA /* NSScanner_Extensions.m */ = {isa = PBXFileReference; fileEncoding = 4; lastKnownFileType = sourcecode.c.objc; path = NSScanner_Extensions.m; sourceTree = "<group>"; };
		BE8C5E5316F4E1D40068C5FA /* CJSONDataSerializer.h */ = {isa = PBXFileReference; fileEncoding = 4; lastKnownFileType = sourcecode.c.h; path = CJSONDataSerializer.h; sourceTree = "<group>"; };
		BE8C5E5416F4E1D40068C5FA /* CJSONDataSerializer.m */ = {isa = PBXFileReference; fileEncoding = 4; lastKnownFileType = sourcecode.c.objc; path = CJSONDataSerializer.m; sourceTree = "<group>"; };
		BE8C5E5516F4E1D40068C5FA /* CJSONDeserializer.h */ = {isa = PBXFileReference; fileEncoding = 4; lastKnownFileType = sourcecode.c.h; path = CJSONDeserializer.h; sourceTree = "<group>"; };
		BE8C5E5616F4E1D40068C5FA /* CJSONDeserializer.m */ = {isa = PBXFileReference; fileEncoding = 4; lastKnownFileType = sourcecode.c.objc; path = CJSONDeserializer.m; sourceTree = "<group>"; };
		BE8C5E5716F4E1D40068C5FA /* CJSONScanner.h */ = {isa = PBXFileReference; fileEncoding = 4; lastKnownFileType = sourcecode.c.h; path = CJSONScanner.h; sourceTree = "<group>"; };
		BE8C5E5816F4E1D40068C5FA /* CJSONScanner.m */ = {isa = PBXFileReference; fileEncoding = 4; lastKnownFileType = sourcecode.c.objc; path = CJSONScanner.m; sourceTree = "<group>"; };
		BE8C5E5916F4E1D40068C5FA /* CJSONSerializer.h */ = {isa = PBXFileReference; fileEncoding = 4; lastKnownFileType = sourcecode.c.h; path = CJSONSerializer.h; sourceTree = "<group>"; };
		BE8C5E5A16F4E1D40068C5FA /* CJSONSerializer.m */ = {isa = PBXFileReference; fileEncoding = 4; lastKnownFileType = sourcecode.c.objc; path = CJSONSerializer.m; sourceTree = "<group>"; };
		BE8C5E5B16F4E1D40068C5FA /* CSerializedJSONData.h */ = {isa = PBXFileReference; fileEncoding = 4; lastKnownFileType = sourcecode.c.h; path = CSerializedJSONData.h; sourceTree = "<group>"; };
		BE8C5E5C16F4E1D40068C5FA /* CSerializedJSONData.m */ = {isa = PBXFileReference; fileEncoding = 4; lastKnownFileType = sourcecode.c.objc; path = CSerializedJSONData.m; sourceTree = "<group>"; };
/* End PBXFileReference section */

/* Begin PBXFrameworksBuildPhase section */
		BE00A6AD16E6DC93007097D0 /* Frameworks */ = {
			isa = PBXFrameworksBuildPhase;
			buildActionMask = 2147483647;
			files = (
				BE88C81E16EE044B008C6EF4 /* AdSupport.framework in Frameworks */,
				BE88C81C16EE0443008C6EF4 /* StoreKit.framework in Frameworks */,
				BE88C6EC16EDE930008C6EF4 /* MessageUI.framework in Frameworks */,
				BE88C6EA16EDE924008C6EF4 /* SystemConfiguration.framework in Frameworks */,
				BE88C6E816EDE91C008C6EF4 /* QuartzCore.framework in Frameworks */,
				BE88C6E616EDE8E3008C6EF4 /* iAd.framework in Frameworks */,
				BE88C6E416EDE8DB008C6EF4 /* MapKit.framework in Frameworks */,
				BE88C6E216EDE8D4008C6EF4 /* libz.dylib in Frameworks */,
				BE88C6E016EDE8CA008C6EF4 /* libsqlite3.dylib in Frameworks */,
				BE88C6DE16EDE8AD008C6EF4 /* CoreLocation.framework in Frameworks */,
				BE88C6DC16EDE8A2008C6EF4 /* AVFoundation.framework in Frameworks */,
				BE88C6DA16EDE899008C6EF4 /* AudioToolbox.framework in Frameworks */,
				BE88C6D816EDE88F008C6EF4 /* AddressBook.framework in Frameworks */,
				BE00A6B516E6DC93007097D0 /* UIKit.framework in Frameworks */,
				BE00A6B716E6DC93007097D0 /* Foundation.framework in Frameworks */,
				BE00A6B916E6DC93007097D0 /* CoreGraphics.framework in Frameworks */,
				BE8C5E7216F4E1D40068C5FA /* libGoogleAdMobAds.a in Frameworks */,
			);
			runOnlyForDeploymentPostprocessing = 0;
		};
		BE00A6D316E6DC93007097D0 /* Frameworks */ = {
			isa = PBXFrameworksBuildPhase;
			buildActionMask = 2147483647;
			files = (
				BE00A6D916E6DC93007097D0 /* SenTestingKit.framework in Frameworks */,
				BE00A6DA16E6DC93007097D0 /* UIKit.framework in Frameworks */,
				BE00A6DB16E6DC93007097D0 /* Foundation.framework in Frameworks */,
			);
			runOnlyForDeploymentPostprocessing = 0;
		};
/* End PBXFrameworksBuildPhase section */

/* Begin PBXGroup section */
		BE00A6A516E6DC93007097D0 = {
			isa = PBXGroup;
			children = (
				BE8C5E0B16F4E1D40068C5FA /* AdWhirl */,
				BE8C5E3C16F4E1D40068C5FA /* GADAdMobExtras.h */,
				BE8C5E3D16F4E1D40068C5FA /* GADAdNetworkExtras.h */,
				BE8C5E3E16F4E1D40068C5FA /* GADAdSize.h */,
				BE8C5E3F16F4E1D40068C5FA /* GADBannerView.h */,
				BE8C5E4016F4E1D40068C5FA /* GADBannerViewDelegate.h */,
				BE8C5E4116F4E1D40068C5FA /* GADInterstitial.h */,
				BE8C5E4216F4E1D40068C5FA /* GADInterstitialDelegate.h */,
				BE8C5E4316F4E1D40068C5FA /* GADRequest.h */,
				BE8C5E4416F4E1D40068C5FA /* GADRequestError.h */,
				BE8C5E4516F4E1D40068C5FA /* libGoogleAdMobAds.a */,
				BE8C5E4616F4E1D40068C5FA /* TouchJSON */,
				BE8C5E0116F4E18F0068C5FA /* NextBusTableViewController.h */,
				BE8C5E0216F4E18F0068C5FA /* NextBusTableViewController.m */,
				BE8C5E0316F4E18F0068C5FA /* testViewController.h */,
				BE8C5E0416F4E18F0068C5FA /* testViewController.m */,
				BE88C81D16EE044B008C6EF4 /* AdSupport.framework */,
				BE88C81B16EE0443008C6EF4 /* StoreKit.framework */,
				BE88C6EB16EDE930008C6EF4 /* MessageUI.framework */,
				BE88C6E916EDE924008C6EF4 /* SystemConfiguration.framework */,
				BE88C6E716EDE91C008C6EF4 /* QuartzCore.framework */,
				BE88C6E516EDE8E2008C6EF4 /* iAd.framework */,
				BE88C6E316EDE8DB008C6EF4 /* MapKit.framework */,
				BE88C6E116EDE8D4008C6EF4 /* libz.dylib */,
				BE88C6DF16EDE8CA008C6EF4 /* libsqlite3.dylib */,
				BE88C6DD16EDE8AC008C6EF4 /* CoreLocation.framework */,
				BE88C6DB16EDE8A2008C6EF4 /* AVFoundation.framework */,
				BE88C6D916EDE899008C6EF4 /* AudioToolbox.framework */,
				BE88C6D716EDE88F008C6EF4 /* AddressBook.framework */,
				BE00A6BA16E6DC93007097D0 /* BKCBusTable */,
				BE00A6DE16E6DC93007097D0 /* BKCBusTableTests */,
				BE00A6B316E6DC93007097D0 /* Frameworks */,
				BE00A6B116E6DC93007097D0 /* Products */,
			);
			sourceTree = "<group>";
		};
		BE00A6B116E6DC93007097D0 /* Products */ = {
			isa = PBXGroup;
			children = (
				BE00A6B016E6DC93007097D0 /* BKCBusTable.app */,
				BE00A6D716E6DC93007097D0 /* BKCBusTableTests.octest */,
			);
			name = Products;
			sourceTree = "<group>";
		};
		BE00A6B316E6DC93007097D0 /* Frameworks */ = {
			isa = PBXGroup;
			children = (
				BE00A6B416E6DC93007097D0 /* UIKit.framework */,
				BE00A6B616E6DC93007097D0 /* Foundation.framework */,
				BE00A6B816E6DC93007097D0 /* CoreGraphics.framework */,
				BE00A6D816E6DC93007097D0 /* SenTestingKit.framework */,
			);
			name = Frameworks;
			sourceTree = "<group>";
		};
		BE00A6BA16E6DC93007097D0 /* BKCBusTable */ = {
			isa = PBXGroup;
			children = (
				BE00A6C316E6DC93007097D0 /* AppDelegate.h */,
				BE00A6C416E6DC93007097D0 /* AppDelegate.m */,
				BE00A6CC16E6DC93007097D0 /* MainStoryboard.storyboard */,
				BE00A6CF16E6DC93007097D0 /* ViewController.h */,
				BE00A6D016E6DC93007097D0 /* ViewController.m */,
				BE00A78816EB070E007097D0 /* FromRitsViewController.h */,
				BE00A78916EB070E007097D0 /* FromRitsViewController.m */,
				BE88C5A116EC494E008C6EF4 /* ToRitsViewController.h */,
				BE88C5A216EC494E008C6EF4 /* ToRitsViewController.m */,
				BE00A76016E71C0B007097D0 /* NextBusViewController.h */,
				BE00A76116E71C0B007097D0 /* NextBusViewController.m */,
				BE00A77616E86E0E007097D0 /* DateController.h */,
				BE00A77716E86E0E007097D0 /* DateController.m */,
				BE00A75516E71008007097D0 /* SettingViewController.h */,
				BE00A75616E71008007097D0 /* SettingViewController.m */,
				BE00A6EF16E6E0E6007097D0 /* BusViewController.h */,
				BE00A6F016E6E0E6007097D0 /* BusViewController.m */,
				BE00A6F216E6E0ED007097D0 /* BusTableViewController.h */,
				BE00A6F316E6E0ED007097D0 /* BusTableViewController.m */,
				BE00A70416E6FF72007097D0 /* TabBarController.h */,
				BE00A70516E6FF72007097D0 /* TabBarController.m */,
				BE88C59A16EBBB34008C6EF4 /* tTableCHU_1.plist */,
				BE88C5A916EC5FA5008C6EF4 /* tTableCHU_2.plist */,
				BE00A77E16E8A833007097D0 /* TimeTable.plist */,
				BE00A6BB16E6DC93007097D0 /* Supporting Files */,
			);
			path = BKCBusTable;
			sourceTree = "<group>";
		};
		BE00A6BB16E6DC93007097D0 /* Supporting Files */ = {
			isa = PBXGroup;
			children = (
				BE00A6BC16E6DC93007097D0 /* BKCBusTable-Info.plist */,
				BE00A6BD16E6DC93007097D0 /* InfoPlist.strings */,
				BE00A6C016E6DC93007097D0 /* main.m */,
				BE00A6C216E6DC93007097D0 /* BKCBusTable-Prefix.pch */,
				BE00A6C616E6DC93007097D0 /* Default.png */,
				BE00A6C816E6DC93007097D0 /* Default@2x.png */,
				BE00A6CA16E6DC93007097D0 /* Default-568h@2x.png */,
			);
			name = "Supporting Files";
			sourceTree = "<group>";
		};
		BE00A6DE16E6DC93007097D0 /* BKCBusTableTests */ = {
			isa = PBXGroup;
			children = (
				BE00A6E416E6DC93007097D0 /* BKCBusTableTests.h */,
				BE00A6E516E6DC93007097D0 /* BKCBusTableTests.m */,
				BE00A6DF16E6DC93007097D0 /* Supporting Files */,
			);
			path = BKCBusTableTests;
			sourceTree = "<group>";
		};
		BE00A6DF16E6DC93007097D0 /* Supporting Files */ = {
			isa = PBXGroup;
			children = (
				BE00A6E016E6DC93007097D0 /* BKCBusTableTests-Info.plist */,
				BE00A6E116E6DC93007097D0 /* InfoPlist.strings */,
			);
			name = "Supporting Files";
			sourceTree = "<group>";
		};
		BE8C5E0B16F4E1D40068C5FA /* AdWhirl */ = {
			isa = PBXGroup;
			children = (
				BE8C5E0C16F4E1D40068C5FA /* adapters */,
				BE8C5E1216F4E1D40068C5FA /* AdWhirlDelegateProtocol.h */,
				BE8C5E1316F4E1D40068C5FA /* AdWhirlView.h */,
				BE8C5E1416F4E1D40068C5FA /* internal */,
				BE8C5E3916F4E1D40068C5FA /* legacy */,
			);
			name = AdWhirl;
			path = BKCBusTable/AdWhirl;
			sourceTree = "<group>";
		};
		BE8C5E0C16F4E1D40068C5FA /* adapters */ = {
			isa = PBXGroup;
			children = (
				BE8C5E0D16F4E1D40068C5FA /* AdWhirlAdapterGoogleAdMobAds.h */,
				BE8C5E0E16F4E1D40068C5FA /* AdWhirlAdapterGoogleAdMobAds.m */,
				BE8C5E0F16F4E1D40068C5FA /* AdWhirlAdapterIAd.h */,
				BE8C5E1016F4E1D40068C5FA /* AdWhirlAdapterIAd.m */,
				BE8C5E1116F4E1D40068C5FA /* AdWhirlAdNetworkAdapter.h */,
			);
			path = adapters;
			sourceTree = "<group>";
		};
		BE8C5E1416F4E1D40068C5FA /* internal */ = {
			isa = PBXGroup;
			children = (
				BE8C5E1516F4E1D40068C5FA /* AdWhirlAdapterCustom.h */,
				BE8C5E1616F4E1D40068C5FA /* AdWhirlAdapterCustom.m */,
				BE8C5E1716F4E1D40068C5FA /* AdWhirlAdapterEvent.h */,
				BE8C5E1816F4E1D40068C5FA /* AdWhirlAdapterEvent.m */,
				BE8C5E1916F4E1D40068C5FA /* AdWhirlAdapterGeneric.h */,
				BE8C5E1A16F4E1D40068C5FA /* AdWhirlAdapterGeneric.m */,
				BE8C5E1B16F4E1D40068C5FA /* AdWhirlAdNetworkAdapter+Helpers.h */,
				BE8C5E1C16F4E1D40068C5FA /* AdWhirlAdNetworkAdapter+Helpers.m */,
				BE8C5E1D16F4E1D40068C5FA /* AdWhirlAdNetworkAdapter.m */,
				BE8C5E1E16F4E1D40068C5FA /* AdWhirlAdNetworkConfig.h */,
				BE8C5E1F16F4E1D40068C5FA /* AdWhirlAdNetworkConfig.m */,
				BE8C5E2016F4E1D40068C5FA /* AdWhirlAdNetworkRegistry.h */,
				BE8C5E2116F4E1D40068C5FA /* AdWhirlAdNetworkRegistry.m */,
				BE8C5E2216F4E1D40068C5FA /* AdWhirlClassWrapper.h */,
				BE8C5E2316F4E1D40068C5FA /* AdWhirlClassWrapper.m */,
				BE8C5E2416F4E1D40068C5FA /* AdWhirlConfig.h */,
				BE8C5E2516F4E1D40068C5FA /* AdWhirlConfig.m */,
				BE8C5E2616F4E1D40068C5FA /* AdWhirlConfigStore.h */,
				BE8C5E2716F4E1D40068C5FA /* AdWhirlConfigStore.m */,
				BE8C5E2816F4E1D40068C5FA /* AdWhirlCustomAdView.h */,
				BE8C5E2916F4E1D40068C5FA /* AdWhirlCustomAdView.m */,
				BE8C5E2A16F4E1D40068C5FA /* AdWhirlError.h */,
				BE8C5E2B16F4E1D40068C5FA /* AdWhirlError.m */,
				BE8C5E2C16F4E1D40068C5FA /* AdWhirlLog.h */,
				BE8C5E2D16F4E1D40068C5FA /* AdWhirlLog.m */,
				BE8C5E2E16F4E1D40068C5FA /* AdWhirlView+.h */,
				BE8C5E2F16F4E1D40068C5FA /* AdWhirlView.m */,
				BE8C5E3016F4E1D40068C5FA /* AdWhirlWebBrowser.xib */,
				BE8C5E3116F4E1D40068C5FA /* AdWhirlWebBrowserController.h */,
				BE8C5E3216F4E1D40068C5FA /* AdWhirlWebBrowserController.m */,
				BE8C5E3316F4E1D40068C5FA /* ARRollerView.m */,
				BE8C5E3416F4E1D40068C5FA /* AWNetworkReachabilityDelegate.h */,
				BE8C5E3516F4E1D40068C5FA /* AWNetworkReachabilityWrapper.h */,
				BE8C5E3616F4E1D40068C5FA /* AWNetworkReachabilityWrapper.m */,
				BE8C5E3716F4E1D40068C5FA /* UIColor+AdWhirlConfig.h */,
				BE8C5E3816F4E1D40068C5FA /* UIColor+AdWhirlConfig.m */,
			);
			path = internal;
			sourceTree = "<group>";
		};
		BE8C5E3916F4E1D40068C5FA /* legacy */ = {
			isa = PBXGroup;
			children = (
				BE8C5E3A16F4E1D40068C5FA /* ARRollerProtocol.h */,
				BE8C5E3B16F4E1D40068C5FA /* ARRollerView.h */,
			);
			path = legacy;
			sourceTree = "<group>";
		};
		BE8C5E4616F4E1D40068C5FA /* TouchJSON */ = {
			isa = PBXGroup;
			children = (
				BE8C5E4716F4E1D40068C5FA /* CDataScanner.h */,
				BE8C5E4816F4E1D40068C5FA /* CDataScanner.m */,
				BE8C5E4916F4E1D40068C5FA /* Extensions */,
				BE8C5E5216F4E1D40068C5FA /* JSON */,
			);
			name = TouchJSON;
			path = BKCBusTable/TouchJSON;
			sourceTree = "<group>";
		};
		BE8C5E4916F4E1D40068C5FA /* Extensions */ = {
			isa = PBXGroup;
			children = (
				BE8C5E4A16F4E1D40068C5FA /* CDataScanner_Extensions.h */,
				BE8C5E4B16F4E1D40068C5FA /* CDataScanner_Extensions.m */,
				BE8C5E4C16F4E1D40068C5FA /* NSCharacterSet_Extensions.h */,
				BE8C5E4D16F4E1D40068C5FA /* NSCharacterSet_Extensions.m */,
				BE8C5E4E16F4E1D40068C5FA /* NSDictionary_JSONExtensions.h */,
				BE8C5E4F16F4E1D40068C5FA /* NSDictionary_JSONExtensions.m */,
				BE8C5E5016F4E1D40068C5FA /* NSScanner_Extensions.h */,
				BE8C5E5116F4E1D40068C5FA /* NSScanner_Extensions.m */,
			);
			path = Extensions;
			sourceTree = "<group>";
		};
		BE8C5E5216F4E1D40068C5FA /* JSON */ = {
			isa = PBXGroup;
			children = (
				BE8C5E5316F4E1D40068C5FA /* CJSONDataSerializer.h */,
				BE8C5E5416F4E1D40068C5FA /* CJSONDataSerializer.m */,
				BE8C5E5516F4E1D40068C5FA /* CJSONDeserializer.h */,
				BE8C5E5616F4E1D40068C5FA /* CJSONDeserializer.m */,
				BE8C5E5716F4E1D40068C5FA /* CJSONScanner.h */,
				BE8C5E5816F4E1D40068C5FA /* CJSONScanner.m */,
				BE8C5E5916F4E1D40068C5FA /* CJSONSerializer.h */,
				BE8C5E5A16F4E1D40068C5FA /* CJSONSerializer.m */,
				BE8C5E5B16F4E1D40068C5FA /* CSerializedJSONData.h */,
				BE8C5E5C16F4E1D40068C5FA /* CSerializedJSONData.m */,
			);
			path = JSON;
			sourceTree = "<group>";
		};
/* End PBXGroup section */

/* Begin PBXNativeTarget section */
		BE00A6AF16E6DC93007097D0 /* BKCBusTable */ = {
			isa = PBXNativeTarget;
			buildConfigurationList = BE00A6E916E6DC93007097D0 /* Build configuration list for PBXNativeTarget "BKCBusTable" */;
			buildPhases = (
				BE00A6AC16E6DC93007097D0 /* Sources */,
				BE00A6AD16E6DC93007097D0 /* Frameworks */,
				BE00A6AE16E6DC93007097D0 /* Resources */,
			);
			buildRules = (
			);
			dependencies = (
			);
			name = BKCBusTable;
			productName = BKCBusTable;
			productReference = BE00A6B016E6DC93007097D0 /* BKCBusTable.app */;
			productType = "com.apple.product-type.application";
		};
		BE00A6D616E6DC93007097D0 /* BKCBusTableTests */ = {
			isa = PBXNativeTarget;
			buildConfigurationList = BE00A6EC16E6DC93007097D0 /* Build configuration list for PBXNativeTarget "BKCBusTableTests" */;
			buildPhases = (
				BE00A6D216E6DC93007097D0 /* Sources */,
				BE00A6D316E6DC93007097D0 /* Frameworks */,
				BE00A6D416E6DC93007097D0 /* Resources */,
				BE00A6D516E6DC93007097D0 /* ShellScript */,
			);
			buildRules = (
			);
			dependencies = (
				BE00A6DD16E6DC93007097D0 /* PBXTargetDependency */,
			);
			name = BKCBusTableTests;
			productName = BKCBusTableTests;
			productReference = BE00A6D716E6DC93007097D0 /* BKCBusTableTests.octest */;
			productType = "com.apple.product-type.bundle";
		};
/* End PBXNativeTarget section */

/* Begin PBXProject section */
		BE00A6A716E6DC93007097D0 /* Project object */ = {
			isa = PBXProject;
			attributes = {
				LastUpgradeCheck = 0450;
				ORGANIZATIONNAME = "sato daisuke";
			};
			buildConfigurationList = BE00A6AA16E6DC93007097D0 /* Build configuration list for PBXProject "BKCBusTable" */;
			compatibilityVersion = "Xcode 3.2";
			developmentRegion = English;
			hasScannedForEncodings = 0;
			knownRegions = (
				en,
			);
			mainGroup = BE00A6A516E6DC93007097D0;
			productRefGroup = BE00A6B116E6DC93007097D0 /* Products */;
			projectDirPath = "";
			projectRoot = "";
			targets = (
				BE00A6AF16E6DC93007097D0 /* BKCBusTable */,
				BE00A6D616E6DC93007097D0 /* BKCBusTableTests */,
			);
		};
/* End PBXProject section */

/* Begin PBXResourcesBuildPhase section */
		BE00A6AE16E6DC93007097D0 /* Resources */ = {
			isa = PBXResourcesBuildPhase;
			buildActionMask = 2147483647;
			files = (
				BE00A6BF16E6DC93007097D0 /* InfoPlist.strings in Resources */,
				BE00A6C716E6DC93007097D0 /* Default.png in Resources */,
				BE00A6C916E6DC93007097D0 /* Default@2x.png in Resources */,
				BE00A6CB16E6DC93007097D0 /* Default-568h@2x.png in Resources */,
				BE00A6CE16E6DC93007097D0 /* MainStoryboard.storyboard in Resources */,
				BE00A77F16E8A833007097D0 /* TimeTable.plist in Resources */,
				BE88C59B16EBBB34008C6EF4 /* tTableCHU_1.plist in Resources */,
				BE88C5AA16EC5FA5008C6EF4 /* tTableCHU_2.plist in Resources */,
				BE8C5E6D16F4E1D40068C5FA /* AdWhirlWebBrowser.xib in Resources */,
			);
			runOnlyForDeploymentPostprocessing = 0;
		};
		BE00A6D416E6DC93007097D0 /* Resources */ = {
			isa = PBXResourcesBuildPhase;
			buildActionMask = 2147483647;
			files = (
				BE00A6E316E6DC93007097D0 /* InfoPlist.strings in Resources */,
			);
			runOnlyForDeploymentPostprocessing = 0;
		};
/* End PBXResourcesBuildPhase section */

/* Begin PBXShellScriptBuildPhase section */
		BE00A6D516E6DC93007097D0 /* ShellScript */ = {
			isa = PBXShellScriptBuildPhase;
			buildActionMask = 2147483647;
			files = (
			);
			inputPaths = (
			);
			outputPaths = (
			);
			runOnlyForDeploymentPostprocessing = 0;
			shellPath = /bin/sh;
			shellScript = "# Run the unit tests in this test bundle.\n\"${SYSTEM_DEVELOPER_DIR}/Tools/RunUnitTests\"\n";
		};
/* End PBXShellScriptBuildPhase section */

/* Begin PBXSourcesBuildPhase section */
		BE00A6AC16E6DC93007097D0 /* Sources */ = {
			isa = PBXSourcesBuildPhase;
			buildActionMask = 2147483647;
			files = (
				BE00A6C116E6DC93007097D0 /* main.m in Sources */,
				BE00A6C516E6DC93007097D0 /* AppDelegate.m in Sources */,
				BE00A6D116E6DC93007097D0 /* ViewController.m in Sources */,
				BE00A6F116E6E0E6007097D0 /* BusViewController.m in Sources */,
				BE00A6F416E6E0ED007097D0 /* BusTableViewController.m in Sources */,
				BE00A70616E6FF72007097D0 /* TabBarController.m in Sources */,
				BE00A75716E71008007097D0 /* SettingViewController.m in Sources */,
				BE00A76216E71C0B007097D0 /* NextBusViewController.m in Sources */,
				BE00A77816E86E0E007097D0 /* DateController.m in Sources */,
				BE00A78A16EB070F007097D0 /* FromRitsViewController.m in Sources */,
				BE88C5A316EC494E008C6EF4 /* ToRitsViewController.m in Sources */,
				BE8C5E0816F4E18F0068C5FA /* NextBusTableViewController.m in Sources */,
				BE8C5E0916F4E18F0068C5FA /* testViewController.m in Sources */,
				BE8C5E5D16F4E1D40068C5FA /* AdWhirlAdapterGoogleAdMobAds.m in Sources */,
				BE8C5E5E16F4E1D40068C5FA /* AdWhirlAdapterIAd.m in Sources */,
				BE8C5E5F16F4E1D40068C5FA /* AdWhirlAdapterCustom.m in Sources */,
				BE8C5E6016F4E1D40068C5FA /* AdWhirlAdapterEvent.m in Sources */,
				BE8C5E6116F4E1D40068C5FA /* AdWhirlAdapterGeneric.m in Sources */,
				BE8C5E6216F4E1D40068C5FA /* AdWhirlAdNetworkAdapter+Helpers.m in Sources */,
				BE8C5E6316F4E1D40068C5FA /* AdWhirlAdNetworkAdapter.m in Sources */,
				BE8C5E6416F4E1D40068C5FA /* AdWhirlAdNetworkConfig.m in Sources */,
				BE8C5E6516F4E1D40068C5FA /* AdWhirlAdNetworkRegistry.m in Sources */,
				BE8C5E6616F4E1D40068C5FA /* AdWhirlClassWrapper.m in Sources */,
				BE8C5E6716F4E1D40068C5FA /* AdWhirlConfig.m in Sources */,
				BE8C5E6816F4E1D40068C5FA /* AdWhirlConfigStore.m in Sources */,
				BE8C5E6916F4E1D40068C5FA /* AdWhirlCustomAdView.m in Sources */,
				BE8C5E6A16F4E1D40068C5FA /* AdWhirlError.m in Sources */,
				BE8C5E6B16F4E1D40068C5FA /* AdWhirlLog.m in Sources */,
				BE8C5E6C16F4E1D40068C5FA /* AdWhirlView.m in Sources */,
				BE8C5E6E16F4E1D40068C5FA /* AdWhirlWebBrowserController.m in Sources */,
				BE8C5E6F16F4E1D40068C5FA /* ARRollerView.m in Sources */,
				BE8C5E7016F4E1D40068C5FA /* AWNetworkReachabilityWrapper.m in Sources */,
				BE8C5E7116F4E1D40068C5FA /* UIColor+AdWhirlConfig.m in Sources */,
				BE8C5E7316F4E1D40068C5FA /* CDataScanner.m in Sources */,
				BE8C5E7416F4E1D40068C5FA /* CDataScanner_Extensions.m in Sources */,
				BE8C5E7516F4E1D40068C5FA /* NSCharacterSet_Extensions.m in Sources */,
				BE8C5E7616F4E1D40068C5FA /* NSDictionary_JSONExtensions.m in Sources */,
				BE8C5E7716F4E1D40068C5FA /* NSScanner_Extensions.m in Sources */,
				BE8C5E7816F4E1D40068C5FA /* CJSONDataSerializer.m in Sources */,
				BE8C5E7916F4E1D40068C5FA /* CJSONDeserializer.m in Sources */,
				BE8C5E7A16F4E1D40068C5FA /* CJSONScanner.m in Sources */,
				BE8C5E7B16F4E1D40068C5FA /* CJSONSerializer.m in Sources */,
				BE8C5E7C16F4E1D40068C5FA /* CSerializedJSONData.m in Sources */,
			);
			runOnlyForDeploymentPostprocessing = 0;
		};
		BE00A6D216E6DC93007097D0 /* Sources */ = {
			isa = PBXSourcesBuildPhase;
			buildActionMask = 2147483647;
			files = (
				BE00A6E616E6DC93007097D0 /* BKCBusTableTests.m in Sources */,
			);
			runOnlyForDeploymentPostprocessing = 0;
		};
/* End PBXSourcesBuildPhase section */

/* Begin PBXTargetDependency section */
		BE00A6DD16E6DC93007097D0 /* PBXTargetDependency */ = {
			isa = PBXTargetDependency;
			target = BE00A6AF16E6DC93007097D0 /* BKCBusTable */;
			targetProxy = BE00A6DC16E6DC93007097D0 /* PBXContainerItemProxy */;
		};
/* End PBXTargetDependency section */

/* Begin PBXVariantGroup section */
		BE00A6BD16E6DC93007097D0 /* InfoPlist.strings */ = {
			isa = PBXVariantGroup;
			children = (
				BE00A6BE16E6DC93007097D0 /* en */,
			);
			name = InfoPlist.strings;
			sourceTree = "<group>";
		};
		BE00A6CC16E6DC93007097D0 /* MainStoryboard.storyboard */ = {
			isa = PBXVariantGroup;
			children = (
				BE00A6CD16E6DC93007097D0 /* en */,
			);
			name = MainStoryboard.storyboard;
			sourceTree = "<group>";
		};
		BE00A6E116E6DC93007097D0 /* InfoPlist.strings */ = {
			isa = PBXVariantGroup;
			children = (
				BE00A6E216E6DC93007097D0 /* en */,
			);
			name = InfoPlist.strings;
			sourceTree = "<group>";
		};
/* End PBXVariantGroup section */

/* Begin XCBuildConfiguration section */
		BE00A6E716E6DC93007097D0 /* Debug */ = {
			isa = XCBuildConfiguration;
			buildSettings = {
				ALWAYS_SEARCH_USER_PATHS = NO;
				CLANG_CXX_LANGUAGE_STANDARD = "gnu++0x";
				CLANG_CXX_LIBRARY = "libc++";
				CLANG_WARN_EMPTY_BODY = YES;
				CLANG_WARN__DUPLICATE_METHOD_MATCH = YES;
				"CODE_SIGN_IDENTITY[sdk=iphoneos*]" = "iPhone Developer";
				COPY_PHASE_STRIP = NO;
				GCC_C_LANGUAGE_STANDARD = gnu99;
				GCC_DYNAMIC_NO_PIC = NO;
				GCC_OPTIMIZATION_LEVEL = 0;
				GCC_PREPROCESSOR_DEFINITIONS = (
					"DEBUG=1",
					"$(inherited)",
				);
				GCC_SYMBOLS_PRIVATE_EXTERN = NO;
				GCC_WARN_ABOUT_RETURN_TYPE = YES;
				GCC_WARN_UNINITIALIZED_AUTOS = YES;
				GCC_WARN_UNUSED_VARIABLE = YES;
				IPHONEOS_DEPLOYMENT_TARGET = 6.0;
				ONLY_ACTIVE_ARCH = NO;
				SDKROOT = iphoneos;
				VALID_ARCHS = armv7;
			};
			name = Debug;
		};
		BE00A6E816E6DC93007097D0 /* Release */ = {
			isa = XCBuildConfiguration;
			buildSettings = {
				ALWAYS_SEARCH_USER_PATHS = NO;
				CLANG_CXX_LANGUAGE_STANDARD = "gnu++0x";
				CLANG_CXX_LIBRARY = "libc++";
				CLANG_WARN_EMPTY_BODY = YES;
				CLANG_WARN__DUPLICATE_METHOD_MATCH = YES;
				"CODE_SIGN_IDENTITY[sdk=iphoneos*]" = "iPhone Developer";
				COPY_PHASE_STRIP = YES;
				GCC_C_LANGUAGE_STANDARD = gnu99;
				GCC_WARN_ABOUT_RETURN_TYPE = YES;
				GCC_WARN_UNINITIALIZED_AUTOS = YES;
				GCC_WARN_UNUSED_VARIABLE = YES;
				IPHONEOS_DEPLOYMENT_TARGET = 6.0;
				ONLY_ACTIVE_ARCH = NO;
				OTHER_CFLAGS = "-DNS_BLOCK_ASSERTIONS=1";
				SDKROOT = iphoneos;
				VALIDATE_PRODUCT = YES;
				VALID_ARCHS = armv7;
			};
			name = Release;
		};
		BE00A6EA16E6DC93007097D0 /* Debug */ = {
			isa = XCBuildConfiguration;
			buildSettings = {
				GCC_PRECOMPILE_PREFIX_HEADER = YES;
				GCC_PREFIX_HEADER = "BKCBusTable/BKCBusTable-Prefix.pch";
				INFOPLIST_FILE = "BKCBusTable/BKCBusTable-Info.plist";
				LIBRARY_SEARCH_PATHS = (
					"$(inherited)",
					"\"$(SRCROOT)/../../Downloads/GoogleAdMobAdsSdkiOS-6.2.1/Add-ons/GoogleAnalyticsiOS_2.0beta3/Library\"",
					"\"$(SRCROOT)/../../Downloads/GoogleAdMobAdsSdkiOS-6.2.1\"",
					"\"$(SRCROOT)/../../Downloads/GoogleAdMobAdsSdkiOS-6.3.0/Add-ons/GoogleAnalyticsiOS_2.0beta4/Library\"",
					"\"$(SRCROOT)/../../Downloads/GoogleAdMobAdsSdkiOS-6.3.0\"",
					"\"$(SRCROOT)/BKCBusTable\"",
				);
				ONLY_ACTIVE_ARCH = NO;
				OTHER_LDFLAGS = "-all_load";
				PRODUCT_NAME = "$(TARGET_NAME)";
				VALID_ARCHS = armv7;
				WRAPPER_EXTENSION = app;
			};
			name = Debug;
		};
		BE00A6EB16E6DC93007097D0 /* Release */ = {
			isa = XCBuildConfiguration;
			buildSettings = {
				GCC_PRECOMPILE_PREFIX_HEADER = YES;
				GCC_PREFIX_HEADER = "BKCBusTable/BKCBusTable-Prefix.pch";
				INFOPLIST_FILE = "BKCBusTable/BKCBusTable-Info.plist";
				LIBRARY_SEARCH_PATHS = (
					"$(inherited)",
					"\"$(SRCROOT)/../../Downloads/GoogleAdMobAdsSdkiOS-6.2.1/Add-ons/GoogleAnalyticsiOS_2.0beta3/Library\"",
					"\"$(SRCROOT)/../../Downloads/GoogleAdMobAdsSdkiOS-6.2.1\"",
					"\"$(SRCROOT)/../../Downloads/GoogleAdMobAdsSdkiOS-6.3.0/Add-ons/GoogleAnalyticsiOS_2.0beta4/Library\"",
					"\"$(SRCROOT)/../../Downloads/GoogleAdMobAdsSdkiOS-6.3.0\"",
					"\"$(SRCROOT)/BKCBusTable\"",
				);
				ONLY_ACTIVE_ARCH = NO;
				OTHER_LDFLAGS = "-all_load";
				PRODUCT_NAME = "$(TARGET_NAME)";
				VALID_ARCHS = armv7;
				WRAPPER_EXTENSION = app;
			};
			name = Release;
		};
		BE00A6ED16E6DC93007097D0 /* Debug */ = {
			isa = XCBuildConfiguration;
			buildSettings = {
				BUNDLE_LOADER = "$(BUILT_PRODUCTS_DIR)/BKCBusTable.app/BKCBusTable";
				FRAMEWORK_SEARCH_PATHS = (
					"\"$(SDKROOT)/Developer/Library/Frameworks\"",
					"\"$(DEVELOPER_LIBRARY_DIR)/Frameworks\"",
				);
				GCC_PRECOMPILE_PREFIX_HEADER = YES;
				GCC_PREFIX_HEADER = "BKCBusTable/BKCBusTable-Prefix.pch";
				INFOPLIST_FILE = "BKCBusTableTests/BKCBusTableTests-Info.plist";
				PRODUCT_NAME = "$(TARGET_NAME)";
				TEST_HOST = "$(BUNDLE_LOADER)";
				WRAPPER_EXTENSION = octest;
			};
			name = Debug;
		};
		BE00A6EE16E6DC93007097D0 /* Release */ = {
			isa = XCBuildConfiguration;
			buildSettings = {
				BUNDLE_LOADER = "$(BUILT_PRODUCTS_DIR)/BKCBusTable.app/BKCBusTable";
				FRAMEWORK_SEARCH_PATHS = (
					"\"$(SDKROOT)/Developer/Library/Frameworks\"",
					"\"$(DEVELOPER_LIBRARY_DIR)/Frameworks\"",
				);
				GCC_PRECOMPILE_PREFIX_HEADER = YES;
				GCC_PREFIX_HEADER = "BKCBusTable/BKCBusTable-Prefix.pch";
				INFOPLIST_FILE = "BKCBusTableTests/BKCBusTableTests-Info.plist";
				PRODUCT_NAME = "$(TARGET_NAME)";
				TEST_HOST = "$(BUNDLE_LOADER)";
				WRAPPER_EXTENSION = octest;
			};
			name = Release;
		};
/* End XCBuildConfiguration section */

/* Begin XCConfigurationList section */
		BE00A6AA16E6DC93007097D0 /* Build configuration list for PBXProject "BKCBusTable" */ = {
			isa = XCConfigurationList;
			buildConfigurations = (
				BE00A6E716E6DC93007097D0 /* Debug */,
				BE00A6E816E6DC93007097D0 /* Release */,
			);
			defaultConfigurationIsVisible = 0;
			defaultConfigurationName = Release;
		};
		BE00A6E916E6DC93007097D0 /* Build configuration list for PBXNativeTarget "BKCBusTable" */ = {
			isa = XCConfigurationList;
			buildConfigurations = (
				BE00A6EA16E6DC93007097D0 /* Debug */,
				BE00A6EB16E6DC93007097D0 /* Release */,
			);
			defaultConfigurationIsVisible = 0;
			defaultConfigurationName = Release;
		};
		BE00A6EC16E6DC93007097D0 /* Build configuration list for PBXNativeTarget "BKCBusTableTests" */ = {
			isa = XCConfigurationList;
			buildConfigurations = (
				BE00A6ED16E6DC93007097D0 /* Debug */,
				BE00A6EE16E6DC93007097D0 /* Release */,
			);
			defaultConfigurationIsVisible = 0;
			defaultConfigurationName = Release;
		};
/* End XCConfigurationList section */
	};
	rootObject = BE00A6A716E6DC93007097D0 /* Project object */;
}
