// !$*UTF8*$!
{
	archiveVersion = 1;
	classes = {
	};
	objectVersion = 46;
	objects = {

/* Begin PBXBuildFile section */
		BE00A6B516E6DC93007097D0 /* UIKit.framework in Frameworks */ = {isa = PBXBuildFile; fileRef = BE00A6B416E6DC93007097D0 /* UIKit.framework */; };
		BE00A6B716E6DC93007097D0 /* Foundation.framework in Frameworks */ = {isa = PBXBuildFile; fileRef = BE00A6B616E6DC93007097D0 /* Foundation.framework */; };
		BE00A6B916E6DC93007097D0 /* CoreGraphics.framework in Frameworks */ = {isa = PBXBuildFile; fileRef = BE00A6B816E6DC93007097D0 /* CoreGraphics.framework */; };
		BE00A6BF16E6DC93007097D0 /* InfoPlist.strings in Resources */ = {isa = PBXBuildFile; fileRef = BE00A6BD16E6DC93007097D0 /* InfoPlist.strings */; };
		BE00A6C116E6DC93007097D0 /* main.m in Sources */ = {isa = PBXBuildFile; fileRef = BE00A6C016E6DC93007097D0 /* main.m */; };
		BE00A6C516E6DC93007097D0 /* AppDelegate.m in Sources */ = {isa = PBXBuildFile; fileRef = BE00A6C416E6DC93007097D0 /* AppDelegate.m */; };
		BE00A6C716E6DC93007097D0 /* Default.png in Resources */ = {isa = PBXBuildFile; fileRef = BE00A6C616E6DC93007097D0 /* Default.png */; };
		BE00A6C916E6DC93007097D0 /* Default@2x.png in Resources */ = {isa = PBXBuildFile; fileRef = BE00A6C816E6DC93007097D0 /* Default@2x.png */; };
		BE00A6CB16E6DC93007097D0 /* Default-568h@2x.png in Resources */ = {isa = PBXBuildFile; fileRef = BE00A6CA16E6DC93007097D0 /* Default-568h@2x.png */; };
		BE00A6CE16E6DC93007097D0 /* MainStoryboard.storyboard in Resources */ = {isa = PBXBuildFile; fileRef = BE00A6CC16E6DC93007097D0 /* MainStoryboard.storyboard */; };
		BE00A6D116E6DC93007097D0 /* ViewController.m in Sources */ = {isa = PBXBuildFile; fileRef = BE00A6D016E6DC93007097D0 /* ViewController.m */; };
		BE00A6D916E6DC93007097D0 /* SenTestingKit.framework in Frameworks */ = {isa = PBXBuildFile; fileRef = BE00A6D816E6DC93007097D0 /* SenTestingKit.framework */; };
		BE00A6DA16E6DC93007097D0 /* UIKit.framework in Frameworks */ = {isa = PBXBuildFile; fileRef = BE00A6B416E6DC93007097D0 /* UIKit.framework */; };
		BE00A6DB16E6DC93007097D0 /* Foundation.framework in Frameworks */ = {isa = PBXBuildFile; fileRef = BE00A6B616E6DC93007097D0 /* Foundation.framework */; };
		BE00A6E316E6DC93007097D0 /* InfoPlist.strings in Resources */ = {isa = PBXBuildFile; fileRef = BE00A6E116E6DC93007097D0 /* InfoPlist.strings */; };
		BE00A6E616E6DC93007097D0 /* BKCBusTableTests.m in Sources */ = {isa = PBXBuildFile; fileRef = BE00A6E516E6DC93007097D0 /* BKCBusTableTests.m */; };
		BE00A70616E6FF72007097D0 /* TabBarController.m in Sources */ = {isa = PBXBuildFile; fileRef = BE00A70516E6FF72007097D0 /* TabBarController.m */; };
		BE00A77816E86E0E007097D0 /* DateController.m in Sources */ = {isa = PBXBuildFile; fileRef = BE00A77716E86E0E007097D0 /* DateController.m */; };
		BE00A77F16E8A833007097D0 /* TimeTable.plist in Resources */ = {isa = PBXBuildFile; fileRef = BE00A77E16E8A833007097D0 /* TimeTable.plist */; };
		BE00A78A16EB070F007097D0 /* FromRitsViewController.m in Sources */ = {isa = PBXBuildFile; fileRef = BE00A78916EB070E007097D0 /* FromRitsViewController.m */; };
		BE39AACE16F84281008E13F5 /* tTableKST_1.plist in Resources */ = {isa = PBXBuildFile; fileRef = BE39AACD16F84281008E13F5 /* tTableKST_1.plist */; };
		BE39AAD116F84433008E13F5 /* tTableKST_2.plist in Resources */ = {isa = PBXBuildFile; fileRef = BE39AAD016F84433008E13F5 /* tTableKST_2.plist */; };
		BE39AAD316F845A5008E13F5 /* tTableSET_1.plist in Resources */ = {isa = PBXBuildFile; fileRef = BE39AAD216F845A5008E13F5 /* tTableSET_1.plist */; };
		BE39AAD516F8464F008E13F5 /* tTableSET_2.plist in Resources */ = {isa = PBXBuildFile; fileRef = BE39AAD416F8464F008E13F5 /* tTableSET_2.plist */; };
		BE60905F16FE156D00455556 /* tTableKNG_1.plist in Resources */ = {isa = PBXBuildFile; fileRef = BE60905E16FE156D00455556 /* tTableKNG_1.plist */; };
		BE60906116FE161000455556 /* tTableKNG_2.plist in Resources */ = {isa = PBXBuildFile; fileRef = BE60906016FE160F00455556 /* tTableKNG_2.plist */; };
		BE60906416FE319D00455556 /* BusTable2ViewController.m in Sources */ = {isa = PBXBuildFile; fileRef = BE60906316FE319D00455556 /* BusTable2ViewController.m */; };
		BE60906616FEEA1A00455556 /* tTableMTY_2.plist in Resources */ = {isa = PBXBuildFile; fileRef = BE60906516FEEA1A00455556 /* tTableMTY_2.plist */; };
		BE60906816FEEF0500455556 /* tTableMTY_1.plist in Resources */ = {isa = PBXBuildFile; fileRef = BE60906716FEEF0500455556 /* tTableMTY_1.plist */; };
		BE60906A16FF488E00455556 /* icon114x114.png in Resources */ = {isa = PBXBuildFile; fileRef = BE60906916FF488E00455556 /* icon114x114.png */; };
		BE60906C16FF489200455556 /* icon57x57.png in Resources */ = {isa = PBXBuildFile; fileRef = BE60906B16FF489200455556 /* icon57x57.png */; };
		BE60906F16FF4E2700455556 /* BusViewController.m in Sources */ = {isa = PBXBuildFile; fileRef = BE60906E16FF4E2700455556 /* BusViewController.m */; };
		BE60907016FF4E2700455556 /* BusViewController.m in Sources */ = {isa = PBXBuildFile; fileRef = BE60906E16FF4E2700455556 /* BusViewController.m */; };
		BE609223170AC2C800455556 /* tTableMKS_3.plist in Resources */ = {isa = PBXBuildFile; fileRef = BE609222170AC2C800455556 /* tTableMKS_3.plist */; };
		BE609225170AC35B00455556 /* tTableMKG_3.plist in Resources */ = {isa = PBXBuildFile; fileRef = BE609224170AC35B00455556 /* tTableMKG_3.plist */; };
		BE609227170AC47200455556 /* tTableMPN_3.plist in Resources */ = {isa = PBXBuildFile; fileRef = BE609226170AC47200455556 /* tTableMPN_3.plist */; };
		BE609229170AC58800455556 /* tTableKST_3.plist in Resources */ = {isa = PBXBuildFile; fileRef = BE609228170AC58800455556 /* tTableKST_3.plist */; };
		BE60922B170AC64D00455556 /* tTableKST_5.plist in Resources */ = {isa = PBXBuildFile; fileRef = BE60922A170AC64D00455556 /* tTableKST_5.plist */; };
		BE60922D170AC6D900455556 /* tTableSET_3.plist in Resources */ = {isa = PBXBuildFile; fileRef = BE60922C170AC6D900455556 /* tTableSET_3.plist */; };
		BE60922F170ACFDD00455556 /* tTableMKS_4.plist in Resources */ = {isa = PBXBuildFile; fileRef = BE60922E170ACFDC00455556 /* tTableMKS_4.plist */; };
		BE609231170AD07700455556 /* tTableMKG_4.plist in Resources */ = {isa = PBXBuildFile; fileRef = BE609230170AD07600455556 /* tTableMKG_4.plist */; };
		BE609233170AD0F200455556 /* tTableMPN_4.plist in Resources */ = {isa = PBXBuildFile; fileRef = BE609232170AD0F100455556 /* tTableMPN_4.plist */; };
		BE609235170AE38000455556 /* tTableMTY_3.plist in Resources */ = {isa = PBXBuildFile; fileRef = BE609234170AE37F00455556 /* tTableMTY_3.plist */; };
		BE609237170AE3A400455556 /* tTableMTY_4.plist in Resources */ = {isa = PBXBuildFile; fileRef = BE609236170AE3A300455556 /* tTableMTY_4.plist */; };
		BE609239170AE41F00455556 /* tTableCHU_3.plist in Resources */ = {isa = PBXBuildFile; fileRef = BE609238170AE41E00455556 /* tTableCHU_3.plist */; };
		BE60923B170AE42D00455556 /* tTableCHU_4.plist in Resources */ = {isa = PBXBuildFile; fileRef = BE60923A170AE42D00455556 /* tTableCHU_4.plist */; };
		BE60923D170B0DE800455556 /* tTableSET_4.plist in Resources */ = {isa = PBXBuildFile; fileRef = BE60923C170B0DE700455556 /* tTableSET_4.plist */; };
		BE60923F170B0E9B00455556 /* tTableKST_4.plist in Resources */ = {isa = PBXBuildFile; fileRef = BE60923E170B0E9A00455556 /* tTableKST_4.plist */; };
		BE609241170B0FA000455556 /* tTableKST_6.plist in Resources */ = {isa = PBXBuildFile; fileRef = BE609240170B0F9E00455556 /* tTableKST_6.plist */; };
		BE6093CB17157F2100455556 /* StoreKit.framework in Frameworks */ = {isa = PBXBuildFile; fileRef = BE6093CA17157F2100455556 /* StoreKit.framework */; };
		BE6093CD17157F2D00455556 /* AdSupport.framework in Frameworks */ = {isa = PBXBuildFile; fileRef = BE6093CC17157F2D00455556 /* AdSupport.framework */; };
		BE6093CF17157F3B00455556 /* AudioToolbox.framework in Frameworks */ = {isa = PBXBuildFile; fileRef = BE6093CE17157F3B00455556 /* AudioToolbox.framework */; };
		BE88C59B16EBBB34008C6EF4 /* tTableCHU_1.plist in Resources */ = {isa = PBXBuildFile; fileRef = BE88C59A16EBBB34008C6EF4 /* tTableCHU_1.plist */; };
		BE88C5A316EC494E008C6EF4 /* ToRitsViewController.m in Sources */ = {isa = PBXBuildFile; fileRef = BE88C5A216EC494E008C6EF4 /* ToRitsViewController.m */; };
		BE88C5AA16EC5FA5008C6EF4 /* tTableCHU_2.plist in Resources */ = {isa = PBXBuildFile; fileRef = BE88C5A916EC5FA5008C6EF4 /* tTableCHU_2.plist */; };
		BE88C6DE16EDE8AD008C6EF4 /* CoreLocation.framework in Frameworks */ = {isa = PBXBuildFile; fileRef = BE88C6DD16EDE8AC008C6EF4 /* CoreLocation.framework */; };
		BE88C6E016EDE8CA008C6EF4 /* libsqlite3.dylib in Frameworks */ = {isa = PBXBuildFile; fileRef = BE88C6DF16EDE8CA008C6EF4 /* libsqlite3.dylib */; };
		BE88C6E216EDE8D4008C6EF4 /* libz.dylib in Frameworks */ = {isa = PBXBuildFile; fileRef = BE88C6E116EDE8D4008C6EF4 /* libz.dylib */; };
		BE88C6E416EDE8DB008C6EF4 /* MapKit.framework in Frameworks */ = {isa = PBXBuildFile; fileRef = BE88C6E316EDE8DB008C6EF4 /* MapKit.framework */; };
		BE88C6EA16EDE924008C6EF4 /* SystemConfiguration.framework in Frameworks */ = {isa = PBXBuildFile; fileRef = BE88C6E916EDE924008C6EF4 /* SystemConfiguration.framework */; };
		BE88C6EC16EDE930008C6EF4 /* MessageUI.framework in Frameworks */ = {isa = PBXBuildFile; fileRef = BE88C6EB16EDE930008C6EF4 /* MessageUI.framework */; };
		BE8C5E0816F4E18F0068C5FA /* NextBusTableViewController.m in Sources */ = {isa = PBXBuildFile; fileRef = BE8C5E0216F4E18F0068C5FA /* NextBusTableViewController.m */; };
		BE8C5E0916F4E18F0068C5FA /* testViewController.m in Sources */ = {isa = PBXBuildFile; fileRef = BE8C5E0416F4E18F0068C5FA /* testViewController.m */; };
		BE8C5E7216F4E1D40068C5FA /* libGoogleAdMobAds.a in Frameworks */ = {isa = PBXBuildFile; fileRef = BE8C5E4516F4E1D40068C5FA /* libGoogleAdMobAds.a */; };
		BE8C5E7E16F5EDAB0068C5FA /* tTableMPN_1.plist in Resources */ = {isa = PBXBuildFile; fileRef = BE8C5E7D16F5EDAB0068C5FA /* tTableMPN_1.plist */; };
		BE8C5E8016F5F08A0068C5FA /* tTableMPN_2.plist in Resources */ = {isa = PBXBuildFile; fileRef = BE8C5E7F16F5F08A0068C5FA /* tTableMPN_2.plist */; };
		BE8C5E8216F5F35E0068C5FA /* tTableMKG_1.plist in Resources */ = {isa = PBXBuildFile; fileRef = BE8C5E8116F5F35E0068C5FA /* tTableMKG_1.plist */; };
		BE8C5E8416F5F5150068C5FA /* tTableMKG_2.plist in Resources */ = {isa = PBXBuildFile; fileRef = BE8C5E8316F5F5150068C5FA /* tTableMKG_2.plist */; };
		BE8C5E8616F5F7330068C5FA /* tTableMKS_1.plist in Resources */ = {isa = PBXBuildFile; fileRef = BE8C5E8516F5F7330068C5FA /* tTableMKS_1.plist */; };
		BE8C5E8816F5F7B90068C5FA /* tTableMKS_2.plist in Resources */ = {isa = PBXBuildFile; fileRef = BE8C5E8716F5F7B80068C5FA /* tTableMKS_2.plist */; };
		BE9D544F16FA0175008E4090 /* BusTabelViewController.m in Sources */ = {isa = PBXBuildFile; fileRef = BE9D544E16FA0175008E4090 /* BusTabelViewController.m */; };
/* End PBXBuildFile section */

/* Begin PBXContainerItemProxy section */
		BE00A6DC16E6DC93007097D0 /* PBXContainerItemProxy */ = {
			isa = PBXContainerItemProxy;
			containerPortal = BE00A6A716E6DC93007097D0 /* Project object */;
			proxyType = 1;
			remoteGlobalIDString = BE00A6AF16E6DC93007097D0;
			remoteInfo = BKCBusTable;
		};
/* End PBXContainerItemProxy section */

/* Begin PBXFileReference section */
		BE00A6B016E6DC93007097D0 /* BKCBusTable.app */ = {isa = PBXFileReference; explicitFileType = wrapper.application; includeInIndex = 0; path = BKCBusTable.app; sourceTree = BUILT_PRODUCTS_DIR; };
		BE00A6B416E6DC93007097D0 /* UIKit.framework */ = {isa = PBXFileReference; lastKnownFileType = wrapper.framework; name = UIKit.framework; path = System/Library/Frameworks/UIKit.framework; sourceTree = SDKROOT; };
		BE00A6B616E6DC93007097D0 /* Foundation.framework */ = {isa = PBXFileReference; lastKnownFileType = wrapper.framework; name = Foundation.framework; path = System/Library/Frameworks/Foundation.framework; sourceTree = SDKROOT; };
		BE00A6B816E6DC93007097D0 /* CoreGraphics.framework */ = {isa = PBXFileReference; lastKnownFileType = wrapper.framework; name = CoreGraphics.framework; path = System/Library/Frameworks/CoreGraphics.framework; sourceTree = SDKROOT; };
		BE00A6BC16E6DC93007097D0 /* BKCBusTable-Info.plist */ = {isa = PBXFileReference; lastKnownFileType = text.plist.xml; path = "BKCBusTable-Info.plist"; sourceTree = "<group>"; };
		BE00A6BE16E6DC93007097D0 /* en */ = {isa = PBXFileReference; lastKnownFileType = text.plist.strings; name = en; path = en.lproj/InfoPlist.strings; sourceTree = "<group>"; };
		BE00A6C016E6DC93007097D0 /* main.m */ = {isa = PBXFileReference; lastKnownFileType = sourcecode.c.objc; path = main.m; sourceTree = "<group>"; };
		BE00A6C216E6DC93007097D0 /* BKCBusTable-Prefix.pch */ = {isa = PBXFileReference; lastKnownFileType = sourcecode.c.h; path = "BKCBusTable-Prefix.pch"; sourceTree = "<group>"; };
		BE00A6C316E6DC93007097D0 /* AppDelegate.h */ = {isa = PBXFileReference; lastKnownFileType = sourcecode.c.h; path = AppDelegate.h; sourceTree = "<group>"; };
		BE00A6C416E6DC93007097D0 /* AppDelegate.m */ = {isa = PBXFileReference; lastKnownFileType = sourcecode.c.objc; path = AppDelegate.m; sourceTree = "<group>"; };
		BE00A6C616E6DC93007097D0 /* Default.png */ = {isa = PBXFileReference; lastKnownFileType = image.png; path = Default.png; sourceTree = "<group>"; };
		BE00A6C816E6DC93007097D0 /* Default@2x.png */ = {isa = PBXFileReference; lastKnownFileType = image.png; path = "Default@2x.png"; sourceTree = "<group>"; };
		BE00A6CA16E6DC93007097D0 /* Default-568h@2x.png */ = {isa = PBXFileReference; lastKnownFileType = image.png; path = "Default-568h@2x.png"; sourceTree = "<group>"; };
		BE00A6CD16E6DC93007097D0 /* en */ = {isa = PBXFileReference; lastKnownFileType = file.storyboard; name = en; path = en.lproj/MainStoryboard.storyboard; sourceTree = "<group>"; };
		BE00A6CF16E6DC93007097D0 /* ViewController.h */ = {isa = PBXFileReference; lastKnownFileType = sourcecode.c.h; path = ViewController.h; sourceTree = "<group>"; };
		BE00A6D016E6DC93007097D0 /* ViewController.m */ = {isa = PBXFileReference; lastKnownFileType = sourcecode.c.objc; path = ViewController.m; sourceTree = "<group>"; };
		BE00A6D716E6DC93007097D0 /* BKCBusTableTests.octest */ = {isa = PBXFileReference; explicitFileType = wrapper.cfbundle; includeInIndex = 0; path = BKCBusTableTests.octest; sourceTree = BUILT_PRODUCTS_DIR; };
		BE00A6D816E6DC93007097D0 /* SenTestingKit.framework */ = {isa = PBXFileReference; lastKnownFileType = wrapper.framework; name = SenTestingKit.framework; path = Library/Frameworks/SenTestingKit.framework; sourceTree = DEVELOPER_DIR; };
		BE00A6E016E6DC93007097D0 /* BKCBusTableTests-Info.plist */ = {isa = PBXFileReference; lastKnownFileType = text.plist.xml; path = "BKCBusTableTests-Info.plist"; sourceTree = "<group>"; };
		BE00A6E216E6DC93007097D0 /* en */ = {isa = PBXFileReference; lastKnownFileType = text.plist.strings; name = en; path = en.lproj/InfoPlist.strings; sourceTree = "<group>"; };
		BE00A6E416E6DC93007097D0 /* BKCBusTableTests.h */ = {isa = PBXFileReference; lastKnownFileType = sourcecode.c.h; path = BKCBusTableTests.h; sourceTree = "<group>"; };
		BE00A6E516E6DC93007097D0 /* BKCBusTableTests.m */ = {isa = PBXFileReference; lastKnownFileType = sourcecode.c.objc; path = BKCBusTableTests.m; sourceTree = "<group>"; };
		BE00A70416E6FF72007097D0 /* TabBarController.h */ = {isa = PBXFileReference; fileEncoding = 4; lastKnownFileType = sourcecode.c.h; path = TabBarController.h; sourceTree = "<group>"; };
		BE00A70516E6FF72007097D0 /* TabBarController.m */ = {isa = PBXFileReference; fileEncoding = 4; lastKnownFileType = sourcecode.c.objc; path = TabBarController.m; sourceTree = "<group>"; };
		BE00A77616E86E0E007097D0 /* DateController.h */ = {isa = PBXFileReference; fileEncoding = 4; lastKnownFileType = sourcecode.c.h; path = DateController.h; sourceTree = "<group>"; };
		BE00A77716E86E0E007097D0 /* DateController.m */ = {isa = PBXFileReference; fileEncoding = 4; lastKnownFileType = sourcecode.c.objc; path = DateController.m; sourceTree = "<group>"; };
		BE00A77E16E8A833007097D0 /* TimeTable.plist */ = {isa = PBXFileReference; fileEncoding = 4; lastKnownFileType = text.plist.xml; path = TimeTable.plist; sourceTree = "<group>"; };
		BE00A78816EB070E007097D0 /* FromRitsViewController.h */ = {isa = PBXFileReference; fileEncoding = 4; lastKnownFileType = sourcecode.c.h; path = FromRitsViewController.h; sourceTree = "<group>"; };
		BE00A78916EB070E007097D0 /* FromRitsViewController.m */ = {isa = PBXFileReference; fileEncoding = 4; lastKnownFileType = sourcecode.c.objc; path = FromRitsViewController.m; sourceTree = "<group>"; };
		BE39AACD16F84281008E13F5 /* tTableKST_1.plist */ = {isa = PBXFileReference; fileEncoding = 4; lastKnownFileType = text.plist.xml; path = tTableKST_1.plist; sourceTree = "<group>"; };
		BE39AAD016F84433008E13F5 /* tTableKST_2.plist */ = {isa = PBXFileReference; fileEncoding = 4; lastKnownFileType = text.plist.xml; path = tTableKST_2.plist; sourceTree = "<group>"; };
		BE39AAD216F845A5008E13F5 /* tTableSET_1.plist */ = {isa = PBXFileReference; fileEncoding = 4; lastKnownFileType = text.plist.xml; path = tTableSET_1.plist; sourceTree = "<group>"; };
		BE39AAD416F8464F008E13F5 /* tTableSET_2.plist */ = {isa = PBXFileReference; fileEncoding = 4; lastKnownFileType = text.plist.xml; path = tTableSET_2.plist; sourceTree = "<group>"; };
		BE60905E16FE156D00455556 /* tTableKNG_1.plist */ = {isa = PBXFileReference; fileEncoding = 4; lastKnownFileType = text.plist.xml; path = tTableKNG_1.plist; sourceTree = "<group>"; };
		BE60906016FE160F00455556 /* tTableKNG_2.plist */ = {isa = PBXFileReference; fileEncoding = 4; lastKnownFileType = text.plist.xml; path = tTableKNG_2.plist; sourceTree = "<group>"; };
		BE60906216FE319D00455556 /* BusTable2ViewController.h */ = {isa = PBXFileReference; fileEncoding = 4; lastKnownFileType = sourcecode.c.h; path = BusTable2ViewController.h; sourceTree = "<group>"; };
		BE60906316FE319D00455556 /* BusTable2ViewController.m */ = {isa = PBXFileReference; fileEncoding = 4; lastKnownFileType = sourcecode.c.objc; path = BusTable2ViewController.m; sourceTree = "<group>"; };
		BE60906516FEEA1A00455556 /* tTableMTY_2.plist */ = {isa = PBXFileReference; fileEncoding = 4; lastKnownFileType = text.plist.xml; path = tTableMTY_2.plist; sourceTree = "<group>"; };
		BE60906716FEEF0500455556 /* tTableMTY_1.plist */ = {isa = PBXFileReference; fileEncoding = 4; lastKnownFileType = text.plist.xml; path = tTableMTY_1.plist; sourceTree = "<group>"; };
		BE60906916FF488E00455556 /* icon114x114.png */ = {isa = PBXFileReference; lastKnownFileType = image.png; path = icon114x114.png; sourceTree = "<group>"; };
		BE60906B16FF489200455556 /* icon57x57.png */ = {isa = PBXFileReference; lastKnownFileType = image.png; path = icon57x57.png; sourceTree = "<group>"; };
		BE60906D16FF4E1F00455556 /* BusViewController.h */ = {isa = PBXFileReference; fileEncoding = 4; lastKnownFileType = sourcecode.c.h; name = BusViewController.h; path = BKCBusTable/BusViewController.h; sourceTree = "<group>"; };
		BE60906E16FF4E2700455556 /* BusViewController.m */ = {isa = PBXFileReference; fileEncoding = 4; lastKnownFileType = sourcecode.c.objc; name = BusViewController.m; path = BKCBusTable/BusViewController.m; sourceTree = "<group>"; };
		BE609222170AC2C800455556 /* tTableMKS_3.plist */ = {isa = PBXFileReference; fileEncoding = 4; lastKnownFileType = text.plist.xml; path = tTableMKS_3.plist; sourceTree = "<group>"; };
		BE609224170AC35B00455556 /* tTableMKG_3.plist */ = {isa = PBXFileReference; fileEncoding = 4; lastKnownFileType = text.plist.xml; path = tTableMKG_3.plist; sourceTree = "<group>"; };
		BE609226170AC47200455556 /* tTableMPN_3.plist */ = {isa = PBXFileReference; fileEncoding = 4; lastKnownFileType = text.plist.xml; path = tTableMPN_3.plist; sourceTree = "<group>"; };
		BE609228170AC58800455556 /* tTableKST_3.plist */ = {isa = PBXFileReference; fileEncoding = 4; lastKnownFileType = text.plist.xml; path = tTableKST_3.plist; sourceTree = "<group>"; };
		BE60922A170AC64D00455556 /* tTableKST_5.plist */ = {isa = PBXFileReference; fileEncoding = 4; lastKnownFileType = text.plist.xml; path = tTableKST_5.plist; sourceTree = "<group>"; };
		BE60922C170AC6D900455556 /* tTableSET_3.plist */ = {isa = PBXFileReference; fileEncoding = 4; lastKnownFileType = text.plist.xml; path = tTableSET_3.plist; sourceTree = "<group>"; };
		BE60922E170ACFDC00455556 /* tTableMKS_4.plist */ = {isa = PBXFileReference; fileEncoding = 4; lastKnownFileType = text.plist.xml; path = tTableMKS_4.plist; sourceTree = "<group>"; };
		BE609230170AD07600455556 /* tTableMKG_4.plist */ = {isa = PBXFileReference; fileEncoding = 4; lastKnownFileType = text.plist.xml; path = tTableMKG_4.plist; sourceTree = "<group>"; };
		BE609232170AD0F100455556 /* tTableMPN_4.plist */ = {isa = PBXFileReference; fileEncoding = 4; lastKnownFileType = text.plist.xml; path = tTableMPN_4.plist; sourceTree = "<group>"; };
		BE609234170AE37F00455556 /* tTableMTY_3.plist */ = {isa = PBXFileReference; fileEncoding = 4; lastKnownFileType = text.plist.xml; path = tTableMTY_3.plist; sourceTree = "<group>"; };
		BE609236170AE3A300455556 /* tTableMTY_4.plist */ = {isa = PBXFileReference; fileEncoding = 4; lastKnownFileType = text.plist.xml; path = tTableMTY_4.plist; sourceTree = "<group>"; };
		BE609238170AE41E00455556 /* tTableCHU_3.plist */ = {isa = PBXFileReference; fileEncoding = 4; lastKnownFileType = text.plist.xml; path = tTableCHU_3.plist; sourceTree = "<group>"; };
		BE60923A170AE42D00455556 /* tTableCHU_4.plist */ = {isa = PBXFileReference; fileEncoding = 4; lastKnownFileType = text.plist.xml; path = tTableCHU_4.plist; sourceTree = "<group>"; };
		BE60923C170B0DE700455556 /* tTableSET_4.plist */ = {isa = PBXFileReference; fileEncoding = 4; lastKnownFileType = text.plist.xml; path = tTableSET_4.plist; sourceTree = "<group>"; };
		BE60923E170B0E9A00455556 /* tTableKST_4.plist */ = {isa = PBXFileReference; fileEncoding = 4; lastKnownFileType = text.plist.xml; path = tTableKST_4.plist; sourceTree = "<group>"; };
		BE609240170B0F9E00455556 /* tTableKST_6.plist */ = {isa = PBXFileReference; fileEncoding = 4; lastKnownFileType = text.plist.xml; path = tTableKST_6.plist; sourceTree = "<group>"; };
		BE6093CA17157F2100455556 /* StoreKit.framework */ = {isa = PBXFileReference; lastKnownFileType = wrapper.framework; name = StoreKit.framework; path = System/Library/Frameworks/StoreKit.framework; sourceTree = SDKROOT; };
		BE6093CC17157F2D00455556 /* AdSupport.framework */ = {isa = PBXFileReference; lastKnownFileType = wrapper.framework; name = AdSupport.framework; path = System/Library/Frameworks/AdSupport.framework; sourceTree = SDKROOT; };
		BE6093CE17157F3B00455556 /* AudioToolbox.framework */ = {isa = PBXFileReference; lastKnownFileType = wrapper.framework; name = AudioToolbox.framework; path = System/Library/Frameworks/AudioToolbox.framework; sourceTree = SDKROOT; };
		BE88C59A16EBBB34008C6EF4 /* tTableCHU_1.plist */ = {isa = PBXFileReference; fileEncoding = 4; lastKnownFileType = text.plist.xml; path = tTableCHU_1.plist; sourceTree = "<group>"; };
		BE88C5A116EC494E008C6EF4 /* ToRitsViewController.h */ = {isa = PBXFileReference; fileEncoding = 4; lastKnownFileType = sourcecode.c.h; path = ToRitsViewController.h; sourceTree = "<group>"; };
		BE88C5A216EC494E008C6EF4 /* ToRitsViewController.m */ = {isa = PBXFileReference; fileEncoding = 4; lastKnownFileType = sourcecode.c.objc; path = ToRitsViewController.m; sourceTree = "<group>"; };
		BE88C5A916EC5FA5008C6EF4 /* tTableCHU_2.plist */ = {isa = PBXFileReference; fileEncoding = 4; lastKnownFileType = text.plist.xml; path = tTableCHU_2.plist; sourceTree = "<group>"; };
		BE88C6DD16EDE8AC008C6EF4 /* CoreLocation.framework */ = {isa = PBXFileReference; lastKnownFileType = wrapper.framework; name = CoreLocation.framework; path = System/Library/Frameworks/CoreLocation.framework; sourceTree = SDKROOT; };
		BE88C6DF16EDE8CA008C6EF4 /* libsqlite3.dylib */ = {isa = PBXFileReference; lastKnownFileType = "compiled.mach-o.dylib"; name = libsqlite3.dylib; path = usr/lib/libsqlite3.dylib; sourceTree = SDKROOT; };
		BE88C6E116EDE8D4008C6EF4 /* libz.dylib */ = {isa = PBXFileReference; lastKnownFileType = "compiled.mach-o.dylib"; name = libz.dylib; path = usr/lib/libz.dylib; sourceTree = SDKROOT; };
		BE88C6E316EDE8DB008C6EF4 /* MapKit.framework */ = {isa = PBXFileReference; lastKnownFileType = wrapper.framework; name = MapKit.framework; path = System/Library/Frameworks/MapKit.framework; sourceTree = SDKROOT; };
		BE88C6E916EDE924008C6EF4 /* SystemConfiguration.framework */ = {isa = PBXFileReference; lastKnownFileType = wrapper.framework; name = SystemConfiguration.framework; path = System/Library/Frameworks/SystemConfiguration.framework; sourceTree = SDKROOT; };
		BE88C6EB16EDE930008C6EF4 /* MessageUI.framework */ = {isa = PBXFileReference; lastKnownFileType = wrapper.framework; name = MessageUI.framework; path = System/Library/Frameworks/MessageUI.framework; sourceTree = SDKROOT; };
		BE8C5E0116F4E18F0068C5FA /* NextBusTableViewController.h */ = {isa = PBXFileReference; fileEncoding = 4; lastKnownFileType = sourcecode.c.h; name = NextBusTableViewController.h; path = BKCBusTable/NextBusTableViewController.h; sourceTree = "<group>"; };
		BE8C5E0216F4E18F0068C5FA /* NextBusTableViewController.m */ = {isa = PBXFileReference; fileEncoding = 4; lastKnownFileType = sourcecode.c.objc; name = NextBusTableViewController.m; path = BKCBusTable/NextBusTableViewController.m; sourceTree = "<group>"; };
		BE8C5E0316F4E18F0068C5FA /* testViewController.h */ = {isa = PBXFileReference; fileEncoding = 4; lastKnownFileType = sourcecode.c.h; name = testViewController.h; path = BKCBusTable/testViewController.h; sourceTree = "<group>"; };
		BE8C5E0416F4E18F0068C5FA /* testViewController.m */ = {isa = PBXFileReference; fileEncoding = 4; lastKnownFileType = sourcecode.c.objc; name = testViewController.m; path = BKCBusTable/testViewController.m; sourceTree = "<group>"; };
		BE8C5E3C16F4E1D40068C5FA /* GADAdMobExtras.h */ = {isa = PBXFileReference; fileEncoding = 4; lastKnownFileType = sourcecode.c.h; name = GADAdMobExtras.h; path = BKCBusTable/GADAdMobExtras.h; sourceTree = "<group>"; };
		BE8C5E3D16F4E1D40068C5FA /* GADAdNetworkExtras.h */ = {isa = PBXFileReference; fileEncoding = 4; lastKnownFileType = sourcecode.c.h; name = GADAdNetworkExtras.h; path = BKCBusTable/GADAdNetworkExtras.h; sourceTree = "<group>"; };
		BE8C5E3E16F4E1D40068C5FA /* GADAdSize.h */ = {isa = PBXFileReference; fileEncoding = 4; lastKnownFileType = sourcecode.c.h; name = GADAdSize.h; path = BKCBusTable/GADAdSize.h; sourceTree = "<group>"; };
		BE8C5E3F16F4E1D40068C5FA /* GADBannerView.h */ = {isa = PBXFileReference; fileEncoding = 4; lastKnownFileType = sourcecode.c.h; name = GADBannerView.h; path = BKCBusTable/GADBannerView.h; sourceTree = "<group>"; };
		BE8C5E4016F4E1D40068C5FA /* GADBannerViewDelegate.h */ = {isa = PBXFileReference; fileEncoding = 4; lastKnownFileType = sourcecode.c.h; name = GADBannerViewDelegate.h; path = BKCBusTable/GADBannerViewDelegate.h; sourceTree = "<group>"; };
		BE8C5E4116F4E1D40068C5FA /* GADInterstitial.h */ = {isa = PBXFileReference; fileEncoding = 4; lastKnownFileType = sourcecode.c.h; name = GADInterstitial.h; path = BKCBusTable/GADInterstitial.h; sourceTree = "<group>"; };
		BE8C5E4216F4E1D40068C5FA /* GADInterstitialDelegate.h */ = {isa = PBXFileReference; fileEncoding = 4; lastKnownFileType = sourcecode.c.h; name = GADInterstitialDelegate.h; path = BKCBusTable/GADInterstitialDelegate.h; sourceTree = "<group>"; };
		BE8C5E4316F4E1D40068C5FA /* GADRequest.h */ = {isa = PBXFileReference; fileEncoding = 4; lastKnownFileType = sourcecode.c.h; name = GADRequest.h; path = BKCBusTable/GADRequest.h; sourceTree = "<group>"; };
		BE8C5E4416F4E1D40068C5FA /* GADRequestError.h */ = {isa = PBXFileReference; fileEncoding = 4; lastKnownFileType = sourcecode.c.h; name = GADRequestError.h; path = BKCBusTable/GADRequestError.h; sourceTree = "<group>"; };
		BE8C5E4516F4E1D40068C5FA /* libGoogleAdMobAds.a */ = {isa = PBXFileReference; lastKnownFileType = archive.ar; name = libGoogleAdMobAds.a; path = BKCBusTable/libGoogleAdMobAds.a; sourceTree = "<group>"; };
		BE8C5E7D16F5EDAB0068C5FA /* tTableMPN_1.plist */ = {isa = PBXFileReference; fileEncoding = 4; lastKnownFileType = text.plist.xml; path = tTableMPN_1.plist; sourceTree = "<group>"; };
		BE8C5E7F16F5F08A0068C5FA /* tTableMPN_2.plist */ = {isa = PBXFileReference; fileEncoding = 4; lastKnownFileType = text.plist.xml; path = tTableMPN_2.plist; sourceTree = "<group>"; };
		BE8C5E8116F5F35E0068C5FA /* tTableMKG_1.plist */ = {isa = PBXFileReference; fileEncoding = 4; lastKnownFileType = text.plist.xml; path = tTableMKG_1.plist; sourceTree = "<group>"; };
		BE8C5E8316F5F5150068C5FA /* tTableMKG_2.plist */ = {isa = PBXFileReference; fileEncoding = 4; lastKnownFileType = text.plist.xml; path = tTableMKG_2.plist; sourceTree = "<group>"; };
		BE8C5E8516F5F7330068C5FA /* tTableMKS_1.plist */ = {isa = PBXFileReference; fileEncoding = 4; lastKnownFileType = text.plist.xml; path = tTableMKS_1.plist; sourceTree = "<group>"; };
		BE8C5E8716F5F7B80068C5FA /* tTableMKS_2.plist */ = {isa = PBXFileReference; fileEncoding = 4; lastKnownFileType = text.plist.xml; path = tTableMKS_2.plist; sourceTree = "<group>"; };
		BE9D544D16FA0175008E4090 /* BusTabelViewController.h */ = {isa = PBXFileReference; fileEncoding = 4; lastKnownFileType = sourcecode.c.h; path = BusTabelViewController.h; sourceTree = "<group>"; };
		BE9D544E16FA0175008E4090 /* BusTabelViewController.m */ = {isa = PBXFileReference; fileEncoding = 4; lastKnownFileType = sourcecode.c.objc; path = BusTabelViewController.m; sourceTree = "<group>"; };
/* End PBXFileReference section */

/* Begin PBXFrameworksBuildPhase section */
		BE00A6AD16E6DC93007097D0 /* Frameworks */ = {
			isa = PBXFrameworksBuildPhase;
			buildActionMask = 2147483647;
			files = (
				BE6093CF17157F3B00455556 /* AudioToolbox.framework in Frameworks */,
				BE6093CD17157F2D00455556 /* AdSupport.framework in Frameworks */,
				BE6093CB17157F2100455556 /* StoreKit.framework in Frameworks */,
				BE88C6EC16EDE930008C6EF4 /* MessageUI.framework in Frameworks */,
				BE88C6EA16EDE924008C6EF4 /* SystemConfiguration.framework in Frameworks */,
				BE88C6E416EDE8DB008C6EF4 /* MapKit.framework in Frameworks */,
				BE88C6E216EDE8D4008C6EF4 /* libz.dylib in Frameworks */,
				BE88C6E016EDE8CA008C6EF4 /* libsqlite3.dylib in Frameworks */,
				BE88C6DE16EDE8AD008C6EF4 /* CoreLocation.framework in Frameworks */,
				BE00A6B516E6DC93007097D0 /* UIKit.framework in Frameworks */,
				BE00A6B716E6DC93007097D0 /* Foundation.framework in Frameworks */,
				BE00A6B916E6DC93007097D0 /* CoreGraphics.framework in Frameworks */,
				BE8C5E7216F4E1D40068C5FA /* libGoogleAdMobAds.a in Frameworks */,
			);
			runOnlyForDeploymentPostprocessing = 0;
		};
		BE00A6D316E6DC93007097D0 /* Frameworks */ = {
			isa = PBXFrameworksBuildPhase;
			buildActionMask = 2147483647;
			files = (
				BE00A6D916E6DC93007097D0 /* SenTestingKit.framework in Frameworks */,
				BE00A6DA16E6DC93007097D0 /* UIKit.framework in Frameworks */,
				BE00A6DB16E6DC93007097D0 /* Foundation.framework in Frameworks */,
			);
			runOnlyForDeploymentPostprocessing = 0;
		};
/* End PBXFrameworksBuildPhase section */

/* Begin PBXGroup section */
		BE00A6A516E6DC93007097D0 = {
			isa = PBXGroup;
			children = (
				BE6093CE17157F3B00455556 /* AudioToolbox.framework */,
				BE6093CC17157F2D00455556 /* AdSupport.framework */,
				BE6093CA17157F2100455556 /* StoreKit.framework */,
				BE60906B16FF489200455556 /* icon57x57.png */,
				BE60906916FF488E00455556 /* icon114x114.png */,
				BE8C5E3C16F4E1D40068C5FA /* GADAdMobExtras.h */,
				BE8C5E3D16F4E1D40068C5FA /* GADAdNetworkExtras.h */,
				BE8C5E3E16F4E1D40068C5FA /* GADAdSize.h */,
				BE8C5E3F16F4E1D40068C5FA /* GADBannerView.h */,
				BE8C5E4016F4E1D40068C5FA /* GADBannerViewDelegate.h */,
				BE8C5E4116F4E1D40068C5FA /* GADInterstitial.h */,
				BE8C5E4216F4E1D40068C5FA /* GADInterstitialDelegate.h */,
				BE8C5E4316F4E1D40068C5FA /* GADRequest.h */,
				BE8C5E4416F4E1D40068C5FA /* GADRequestError.h */,
				BE8C5E4516F4E1D40068C5FA /* libGoogleAdMobAds.a */,
				BE8C5E0116F4E18F0068C5FA /* NextBusTableViewController.h */,
				BE8C5E0216F4E18F0068C5FA /* NextBusTableViewController.m */,
				BE8C5E0316F4E18F0068C5FA /* testViewController.h */,
				BE8C5E0416F4E18F0068C5FA /* testViewController.m */,
				BE60906E16FF4E2700455556 /* BusViewController.m */,
				BE60906D16FF4E1F00455556 /* BusViewController.h */,
				BE88C6EB16EDE930008C6EF4 /* MessageUI.framework */,
				BE88C6E916EDE924008C6EF4 /* SystemConfiguration.framework */,
				BE88C6E316EDE8DB008C6EF4 /* MapKit.framework */,
				BE88C6E116EDE8D4008C6EF4 /* libz.dylib */,
				BE88C6DF16EDE8CA008C6EF4 /* libsqlite3.dylib */,
				BE88C6DD16EDE8AC008C6EF4 /* CoreLocation.framework */,
				BE00A6BA16E6DC93007097D0 /* BKCBusTable */,
				BE00A6DE16E6DC93007097D0 /* BKCBusTableTests */,
				BE00A6B316E6DC93007097D0 /* Frameworks */,
				BE00A6B116E6DC93007097D0 /* Products */,
			);
			sourceTree = "<group>";
		};
		BE00A6B116E6DC93007097D0 /* Products */ = {
			isa = PBXGroup;
			children = (
				BE00A6B016E6DC93007097D0 /* BKCBusTable.app */,
				BE00A6D716E6DC93007097D0 /* BKCBusTableTests.octest */,
			);
			name = Products;
			sourceTree = "<group>";
		};
		BE00A6B316E6DC93007097D0 /* Frameworks */ = {
			isa = PBXGroup;
			children = (
				BE00A6B416E6DC93007097D0 /* UIKit.framework */,
				BE00A6B616E6DC93007097D0 /* Foundation.framework */,
				BE00A6B816E6DC93007097D0 /* CoreGraphics.framework */,
				BE00A6D816E6DC93007097D0 /* SenTestingKit.framework */,
			);
			name = Frameworks;
			sourceTree = "<group>";
		};
		BE00A6BA16E6DC93007097D0 /* BKCBusTable */ = {
			isa = PBXGroup;
			children = (
				BE00A6C316E6DC93007097D0 /* AppDelegate.h */,
				BE00A6C416E6DC93007097D0 /* AppDelegate.m */,
				BE00A6CC16E6DC93007097D0 /* MainStoryboard.storyboard */,
				BE00A6CF16E6DC93007097D0 /* ViewController.h */,
				BE00A6D016E6DC93007097D0 /* ViewController.m */,
				BE00A78816EB070E007097D0 /* FromRitsViewController.h */,
				BE00A78916EB070E007097D0 /* FromRitsViewController.m */,
				BE88C5A116EC494E008C6EF4 /* ToRitsViewController.h */,
				BE88C5A216EC494E008C6EF4 /* ToRitsViewController.m */,
				BE00A77616E86E0E007097D0 /* DateController.h */,
				BE00A77716E86E0E007097D0 /* DateController.m */,
				BE60906216FE319D00455556 /* BusTable2ViewController.h */,
				BE60906316FE319D00455556 /* BusTable2ViewController.m */,
				BE9D544D16FA0175008E4090 /* BusTabelViewController.h */,
				BE9D544E16FA0175008E4090 /* BusTabelViewController.m */,
				BE00A70416E6FF72007097D0 /* TabBarController.h */,
				BE00A70516E6FF72007097D0 /* TabBarController.m */,
				BE8C5E8516F5F7330068C5FA /* tTableMKS_1.plist */,
				BE8C5E8716F5F7B80068C5FA /* tTableMKS_2.plist */,
				BE609222170AC2C800455556 /* tTableMKS_3.plist */,
				BE60922E170ACFDC00455556 /* tTableMKS_4.plist */,
				BE60906716FEEF0500455556 /* tTableMTY_1.plist */,
				BE60906516FEEA1A00455556 /* tTableMTY_2.plist */,
				BE609234170AE37F00455556 /* tTableMTY_3.plist */,
				BE609236170AE3A300455556 /* tTableMTY_4.plist */,
				BE8C5E8116F5F35E0068C5FA /* tTableMKG_1.plist */,
				BE8C5E8316F5F5150068C5FA /* tTableMKG_2.plist */,
				BE609224170AC35B00455556 /* tTableMKG_3.plist */,
				BE609230170AD07600455556 /* tTableMKG_4.plist */,
				BE8C5E7D16F5EDAB0068C5FA /* tTableMPN_1.plist */,
				BE8C5E7F16F5F08A0068C5FA /* tTableMPN_2.plist */,
				BE609226170AC47200455556 /* tTableMPN_3.plist */,
				BE609232170AD0F100455556 /* tTableMPN_4.plist */,
				BE39AACD16F84281008E13F5 /* tTableKST_1.plist */,
				BE39AAD016F84433008E13F5 /* tTableKST_2.plist */,
				BE609228170AC58800455556 /* tTableKST_3.plist */,
				BE60923E170B0E9A00455556 /* tTableKST_4.plist */,
				BE60922A170AC64D00455556 /* tTableKST_5.plist */,
				BE609240170B0F9E00455556 /* tTableKST_6.plist */,
				BE39AAD216F845A5008E13F5 /* tTableSET_1.plist */,
				BE39AAD416F8464F008E13F5 /* tTableSET_2.plist */,
				BE60922C170AC6D900455556 /* tTableSET_3.plist */,
				BE60923C170B0DE700455556 /* tTableSET_4.plist */,
				BE60905E16FE156D00455556 /* tTableKNG_1.plist */,
				BE60906016FE160F00455556 /* tTableKNG_2.plist */,
				BE88C59A16EBBB34008C6EF4 /* tTableCHU_1.plist */,
				BE88C5A916EC5FA5008C6EF4 /* tTableCHU_2.plist */,
				BE609238170AE41E00455556 /* tTableCHU_3.plist */,
				BE60923A170AE42D00455556 /* tTableCHU_4.plist */,
				BE00A77E16E8A833007097D0 /* TimeTable.plist */,
				BE00A6BB16E6DC93007097D0 /* Supporting Files */,
			);
			path = BKCBusTable;
			sourceTree = "<group>";
		};
		BE00A6BB16E6DC93007097D0 /* Supporting Files */ = {
			isa = PBXGroup;
			children = (
				BE00A6BC16E6DC93007097D0 /* BKCBusTable-Info.plist */,
				BE00A6BD16E6DC93007097D0 /* InfoPlist.strings */,
				BE00A6C016E6DC93007097D0 /* main.m */,
				BE00A6C216E6DC93007097D0 /* BKCBusTable-Prefix.pch */,
				BE00A6C616E6DC93007097D0 /* Default.png */,
				BE00A6C816E6DC93007097D0 /* Default@2x.png */,
				BE00A6CA16E6DC93007097D0 /* Default-568h@2x.png */,
			);
			name = "Supporting Files";
			sourceTree = "<group>";
		};
		BE00A6DE16E6DC93007097D0 /* BKCBusTableTests */ = {
			isa = PBXGroup;
			children = (
				BE00A6E416E6DC93007097D0 /* BKCBusTableTests.h */,
				BE00A6E516E6DC93007097D0 /* BKCBusTableTests.m */,
				BE00A6DF16E6DC93007097D0 /* Supporting Files */,
			);
			path = BKCBusTableTests;
			sourceTree = "<group>";
		};
		BE00A6DF16E6DC93007097D0 /* Supporting Files */ = {
			isa = PBXGroup;
			children = (
				BE00A6E016E6DC93007097D0 /* BKCBusTableTests-Info.plist */,
				BE00A6E116E6DC93007097D0 /* InfoPlist.strings */,
			);
			name = "Supporting Files";
			sourceTree = "<group>";
		};
/* End PBXGroup section */

/* Begin PBXNativeTarget section */
		BE00A6AF16E6DC93007097D0 /* BKCBusTable */ = {
			isa = PBXNativeTarget;
			buildConfigurationList = BE00A6E916E6DC93007097D0 /* Build configuration list for PBXNativeTarget "BKCBusTable" */;
			buildPhases = (
				BE00A6AC16E6DC93007097D0 /* Sources */,
				BE00A6AD16E6DC93007097D0 /* Frameworks */,
				BE00A6AE16E6DC93007097D0 /* Resources */,
			);
			buildRules = (
			);
			dependencies = (
			);
			name = BKCBusTable;
			productName = BKCBusTable;
			productReference = BE00A6B016E6DC93007097D0 /* BKCBusTable.app */;
			productType = "com.apple.product-type.application";
		};
		BE00A6D616E6DC93007097D0 /* BKCBusTableTests */ = {
			isa = PBXNativeTarget;
			buildConfigurationList = BE00A6EC16E6DC93007097D0 /* Build configuration list for PBXNativeTarget "BKCBusTableTests" */;
			buildPhases = (
				BE00A6D216E6DC93007097D0 /* Sources */,
				BE00A6D316E6DC93007097D0 /* Frameworks */,
				BE00A6D416E6DC93007097D0 /* Resources */,
				BE00A6D516E6DC93007097D0 /* ShellScript */,
			);
			buildRules = (
			);
			dependencies = (
				BE00A6DD16E6DC93007097D0 /* PBXTargetDependency */,
			);
			name = BKCBusTableTests;
			productName = BKCBusTableTests;
			productReference = BE00A6D716E6DC93007097D0 /* BKCBusTableTests.octest */;
			productType = "com.apple.product-type.bundle";
		};
/* End PBXNativeTarget section */

/* Begin PBXProject section */
		BE00A6A716E6DC93007097D0 /* Project object */ = {
			isa = PBXProject;
			attributes = {
				LastUpgradeCheck = 0450;
				ORGANIZATIONNAME = "sato daisuke";
			};
			buildConfigurationList = BE00A6AA16E6DC93007097D0 /* Build configuration list for PBXProject "BKCBusTable" */;
			compatibilityVersion = "Xcode 3.2";
			developmentRegion = English;
			hasScannedForEncodings = 0;
			knownRegions = (
				en,
			);
			mainGroup = BE00A6A516E6DC93007097D0;
			productRefGroup = BE00A6B116E6DC93007097D0 /* Products */;
			projectDirPath = "";
			projectRoot = "";
			targets = (
				BE00A6AF16E6DC93007097D0 /* BKCBusTable */,
				BE00A6D616E6DC93007097D0 /* BKCBusTableTests */,
			);
		};
/* End PBXProject section */

/* Begin PBXResourcesBuildPhase section */
		BE00A6AE16E6DC93007097D0 /* Resources */ = {
			isa = PBXResourcesBuildPhase;
			buildActionMask = 2147483647;
			files = (
				BE00A6BF16E6DC93007097D0 /* InfoPlist.strings in Resources */,
				BE00A6C716E6DC93007097D0 /* Default.png in Resources */,
				BE00A6C916E6DC93007097D0 /* Default@2x.png in Resources */,
				BE00A6CB16E6DC93007097D0 /* Default-568h@2x.png in Resources */,
				BE00A6CE16E6DC93007097D0 /* MainStoryboard.storyboard in Resources */,
				BE00A77F16E8A833007097D0 /* TimeTable.plist in Resources */,
				BE88C59B16EBBB34008C6EF4 /* tTableCHU_1.plist in Resources */,
				BE88C5AA16EC5FA5008C6EF4 /* tTableCHU_2.plist in Resources */,
				BE8C5E7E16F5EDAB0068C5FA /* tTableMPN_1.plist in Resources */,
				BE8C5E8016F5F08A0068C5FA /* tTableMPN_2.plist in Resources */,
				BE8C5E8216F5F35E0068C5FA /* tTableMKG_1.plist in Resources */,
				BE8C5E8416F5F5150068C5FA /* tTableMKG_2.plist in Resources */,
				BE8C5E8616F5F7330068C5FA /* tTableMKS_1.plist in Resources */,
				BE8C5E8816F5F7B90068C5FA /* tTableMKS_2.plist in Resources */,
				BE39AACE16F84281008E13F5 /* tTableKST_1.plist in Resources */,
				BE39AAD116F84433008E13F5 /* tTableKST_2.plist in Resources */,
				BE39AAD316F845A5008E13F5 /* tTableSET_1.plist in Resources */,
				BE39AAD516F8464F008E13F5 /* tTableSET_2.plist in Resources */,
				BE60905F16FE156D00455556 /* tTableKNG_1.plist in Resources */,
				BE60906116FE161000455556 /* tTableKNG_2.plist in Resources */,
				BE60906616FEEA1A00455556 /* tTableMTY_2.plist in Resources */,
				BE60906816FEEF0500455556 /* tTableMTY_1.plist in Resources */,
				BE60906A16FF488E00455556 /* icon114x114.png in Resources */,
				BE60906C16FF489200455556 /* icon57x57.png in Resources */,
				BE609223170AC2C800455556 /* tTableMKS_3.plist in Resources */,
				BE609225170AC35B00455556 /* tTableMKG_3.plist in Resources */,
				BE609227170AC47200455556 /* tTableMPN_3.plist in Resources */,
				BE609229170AC58800455556 /* tTableKST_3.plist in Resources */,
				BE60922B170AC64D00455556 /* tTableKST_5.plist in Resources */,
				BE60922D170AC6D900455556 /* tTableSET_3.plist in Resources */,
				BE60922F170ACFDD00455556 /* tTableMKS_4.plist in Resources */,
				BE609231170AD07700455556 /* tTableMKG_4.plist in Resources */,
				BE609233170AD0F200455556 /* tTableMPN_4.plist in Resources */,
				BE609235170AE38000455556 /* tTableMTY_3.plist in Resources */,
				BE609237170AE3A400455556 /* tTableMTY_4.plist in Resources */,
				BE609239170AE41F00455556 /* tTableCHU_3.plist in Resources */,
				BE60923B170AE42D00455556 /* tTableCHU_4.plist in Resources */,
				BE60923D170B0DE800455556 /* tTableSET_4.plist in Resources */,
				BE60923F170B0E9B00455556 /* tTableKST_4.plist in Resources */,
				BE609241170B0FA000455556 /* tTableKST_6.plist in Resources */,
			);
			runOnlyForDeploymentPostprocessing = 0;
		};
		BE00A6D416E6DC93007097D0 /* Resources */ = {
			isa = PBXResourcesBuildPhase;
			buildActionMask = 2147483647;
			files = (
				BE00A6E316E6DC93007097D0 /* InfoPlist.strings in Resources */,
			);
			runOnlyForDeploymentPostprocessing = 0;
		};
/* End PBXResourcesBuildPhase section */

/* Begin PBXShellScriptBuildPhase section */
		BE00A6D516E6DC93007097D0 /* ShellScript */ = {
			isa = PBXShellScriptBuildPhase;
			buildActionMask = 2147483647;
			files = (
			);
			inputPaths = (
			);
			outputPaths = (
			);
			runOnlyForDeploymentPostprocessing = 0;
			shellPath = /bin/sh;
			shellScript = "# Run the unit tests in this test bundle.\n\"${SYSTEM_DEVELOPER_DIR}/Tools/RunUnitTests\"\n";
		};
/* End PBXShellScriptBuildPhase section */

/* Begin PBXSourcesBuildPhase section */
		BE00A6AC16E6DC93007097D0 /* Sources */ = {
			isa = PBXSourcesBuildPhase;
			buildActionMask = 2147483647;
			files = (
				BE00A6C116E6DC93007097D0 /* main.m in Sources */,
				BE00A6C516E6DC93007097D0 /* AppDelegate.m in Sources */,
				BE00A6D116E6DC93007097D0 /* ViewController.m in Sources */,
				BE00A70616E6FF72007097D0 /* TabBarController.m in Sources */,
				BE00A77816E86E0E007097D0 /* DateController.m in Sources */,
				BE00A78A16EB070F007097D0 /* FromRitsViewController.m in Sources */,
				BE88C5A316EC494E008C6EF4 /* ToRitsViewController.m in Sources */,
				BE8C5E0816F4E18F0068C5FA /* NextBusTableViewController.m in Sources */,
				BE8C5E0916F4E18F0068C5FA /* testViewController.m in Sources */,
				BE9D544F16FA0175008E4090 /* BusTabelViewController.m in Sources */,
				BE60906416FE319D00455556 /* BusTable2ViewController.m in Sources */,
				BE60906F16FF4E2700455556 /* BusViewController.m in Sources */,
			);
			runOnlyForDeploymentPostprocessing = 0;
		};
		BE00A6D216E6DC93007097D0 /* Sources */ = {
			isa = PBXSourcesBuildPhase;
			buildActionMask = 2147483647;
			files = (
				BE00A6E616E6DC93007097D0 /* BKCBusTableTests.m in Sources */,
				BE60907016FF4E2700455556 /* BusViewController.m in Sources */,
			);
			runOnlyForDeploymentPostprocessing = 0;
		};
/* End PBXSourcesBuildPhase section */

/* Begin PBXTargetDependency section */
		BE00A6DD16E6DC93007097D0 /* PBXTargetDependency */ = {
			isa = PBXTargetDependency;
			target = BE00A6AF16E6DC93007097D0 /* BKCBusTable */;
			targetProxy = BE00A6DC16E6DC93007097D0 /* PBXContainerItemProxy */;
		};
/* End PBXTargetDependency section */

/* Begin PBXVariantGroup section */
		BE00A6BD16E6DC93007097D0 /* InfoPlist.strings */ = {
			isa = PBXVariantGroup;
			children = (
				BE00A6BE16E6DC93007097D0 /* en */,
			);
			name = InfoPlist.strings;
			sourceTree = "<group>";
		};
		BE00A6CC16E6DC93007097D0 /* MainStoryboard.storyboard */ = {
			isa = PBXVariantGroup;
			children = (
				BE00A6CD16E6DC93007097D0 /* en */,
			);
			name = MainStoryboard.storyboard;
			sourceTree = "<group>";
		};
		BE00A6E116E6DC93007097D0 /* InfoPlist.strings */ = {
			isa = PBXVariantGroup;
			children = (
				BE00A6E216E6DC93007097D0 /* en */,
			);
			name = InfoPlist.strings;
			sourceTree = "<group>";
		};
/* End PBXVariantGroup section */

/* Begin XCBuildConfiguration section */
		BE00A6E716E6DC93007097D0 /* Debug */ = {
			isa = XCBuildConfiguration;
			buildSettings = {
				ALWAYS_SEARCH_USER_PATHS = NO;
				CLANG_CXX_LANGUAGE_STANDARD = "gnu++0x";
				CLANG_CXX_LIBRARY = "libc++";
				CLANG_WARN_EMPTY_BODY = YES;
				CLANG_WARN__DUPLICATE_METHOD_MATCH = YES;
				CODE_SIGN_IDENTITY = "iPhone Distribution: daisuke sato";
				"CODE_SIGN_IDENTITY[sdk=iphoneos*]" = "iPhone Developer";
				COPY_PHASE_STRIP = NO;
				GCC_C_LANGUAGE_STANDARD = gnu99;
				GCC_DYNAMIC_NO_PIC = NO;
				GCC_OPTIMIZATION_LEVEL = 0;
				GCC_PREPROCESSOR_DEFINITIONS = (
					"DEBUG=1",
					"$(inherited)",
				);
				GCC_SYMBOLS_PRIVATE_EXTERN = NO;
				GCC_WARN_ABOUT_RETURN_TYPE = YES;
				GCC_WARN_UNINITIALIZED_AUTOS = YES;
				GCC_WARN_UNUSED_VARIABLE = YES;
				IPHONEOS_DEPLOYMENT_TARGET = 5.0;
				ONLY_ACTIVE_ARCH = NO;
				PROVISIONING_PROFILE = "A75D935A-A30B-456D-818D-CDF2DC25BEF3";
				SDKROOT = iphoneos;
				VALID_ARCHS = armv7;
			};
			name = Debug;
		};
		BE00A6E816E6DC93007097D0 /* Release */ = {
			isa = XCBuildConfiguration;
			buildSettings = {
				ALWAYS_SEARCH_USER_PATHS = NO;
				CLANG_CXX_LANGUAGE_STANDARD = "gnu++0x";
				CLANG_CXX_LIBRARY = "libc++";
				CLANG_WARN_EMPTY_BODY = YES;
				CLANG_WARN__DUPLICATE_METHOD_MATCH = YES;
				CODE_SIGN_IDENTITY = "iPhone Distribution: daisuke sato";
				"CODE_SIGN_IDENTITY[sdk=iphoneos*]" = "iPhone Developer";
				COPY_PHASE_STRIP = YES;
				GCC_C_LANGUAGE_STANDARD = gnu99;
				GCC_WARN_ABOUT_RETURN_TYPE = YES;
				GCC_WARN_UNINITIALIZED_AUTOS = YES;
				GCC_WARN_UNUSED_VARIABLE = YES;
				IPHONEOS_DEPLOYMENT_TARGET = 5.0;
				ONLY_ACTIVE_ARCH = NO;
				OTHER_CFLAGS = "-DNS_BLOCK_ASSERTIONS=1";
				PROVISIONING_PROFILE = "A75D935A-A30B-456D-818D-CDF2DC25BEF3";
				SDKROOT = iphoneos;
				VALIDATE_PRODUCT = YES;
				VALID_ARCHS = armv7;
			};
			name = Release;
		};
		BE00A6EA16E6DC93007097D0 /* Debug */ = {
			isa = XCBuildConfiguration;
			buildSettings = {
				CODE_SIGN_IDENTITY = "iPhone Distribution: daisuke sato";
				GCC_PRECOMPILE_PREFIX_HEADER = YES;
				GCC_PREFIX_HEADER = "BKCBusTable/BKCBusTable-Prefix.pch";
				INFOPLIST_FILE = "BKCBusTable/BKCBusTable-Info.plist";
				LIBRARY_SEARCH_PATHS = (
					"$(inherited)",
					"\"$(SRCROOT)/../../Downloads/GoogleAdMobAdsSdkiOS-6.2.1/Add-ons/GoogleAnalyticsiOS_2.0beta3/Library\"",
					"\"$(SRCROOT)/../../Downloads/GoogleAdMobAdsSdkiOS-6.2.1\"",
					"\"$(SRCROOT)/../../Downloads/GoogleAdMobAdsSdkiOS-6.3.0/Add-ons/GoogleAnalyticsiOS_2.0beta4/Library\"",
					"\"$(SRCROOT)/../../Downloads/GoogleAdMobAdsSdkiOS-6.3.0\"",
					"\"$(SRCROOT)/BKCBusTable\"",
				);
				ONLY_ACTIVE_ARCH = NO;
				OTHER_LDFLAGS = (
					"-ObjC",
					"-all_load",
				);
				PRODUCT_NAME = "$(TARGET_NAME)";
				PROVISIONING_PROFILE = "440E4136-BA40-40B3-8D89-7510010EB8CB";
				TARGETED_DEVICE_FAMILY = 1;
				VALID_ARCHS = armv7;
				WRAPPER_EXTENSION = app;
			};
			name = Debug;
		};
		BE00A6EB16E6DC93007097D0 /* Release */ = {
			isa = XCBuildConfiguration;
			buildSettings = {
				CODE_SIGN_IDENTITY = "iPhone Distribution: daisuke sato";
				GCC_PRECOMPILE_PREFIX_HEADER = YES;
				GCC_PREFIX_HEADER = "BKCBusTable/BKCBusTable-Prefix.pch";
				INFOPLIST_FILE = "BKCBusTable/BKCBusTable-Info.plist";
				LIBRARY_SEARCH_PATHS = (
					"$(inherited)",
					"\"$(SRCROOT)/../../Downloads/GoogleAdMobAdsSdkiOS-6.2.1/Add-ons/GoogleAnalyticsiOS_2.0beta3/Library\"",
					"\"$(SRCROOT)/../../Downloads/GoogleAdMobAdsSdkiOS-6.2.1\"",
					"\"$(SRCROOT)/../../Downloads/GoogleAdMobAdsSdkiOS-6.3.0/Add-ons/GoogleAnalyticsiOS_2.0beta4/Library\"",
					"\"$(SRCROOT)/../../Downloads/GoogleAdMobAdsSdkiOS-6.3.0\"",
					"\"$(SRCROOT)/BKCBusTable\"",
				);
				ONLY_ACTIVE_ARCH = NO;
				OTHER_LDFLAGS = (
					"-ObjC",
					"-all_load",
				);
				PRODUCT_NAME = "$(TARGET_NAME)";
				PROVISIONING_PROFILE = "440E4136-BA40-40B3-8D89-7510010EB8CB";
				TARGETED_DEVICE_FAMILY = 1;
				VALID_ARCHS = armv7;
				WRAPPER_EXTENSION = app;
			};
			name = Release;
		};
		BE00A6ED16E6DC93007097D0 /* Debug */ = {
			isa = XCBuildConfiguration;
			buildSettings = {
				BUNDLE_LOADER = "$(BUILT_PRODUCTS_DIR)/BKCBusTable.app/BKCBusTable";
				FRAMEWORK_SEARCH_PATHS = (
					"\"$(SDKROOT)/Developer/Library/Frameworks\"",
					"\"$(DEVELOPER_LIBRARY_DIR)/Frameworks\"",
				);
				GCC_PRECOMPILE_PREFIX_HEADER = YES;
				GCC_PREFIX_HEADER = "BKCBusTable/BKCBusTable-Prefix.pch";
				INFOPLIST_FILE = "BKCBusTableTests/BKCBusTableTests-Info.plist";
				PRODUCT_NAME = "$(TARGET_NAME)";
				TEST_HOST = "$(BUNDLE_LOADER)";
				WRAPPER_EXTENSION = octest;
			};
			name = Debug;
		};
		BE00A6EE16E6DC93007097D0 /* Release */ = {
			isa = XCBuildConfiguration;
			buildSettings = {
				BUNDLE_LOADER = "$(BUILT_PRODUCTS_DIR)/BKCBusTable.app/BKCBusTable";
				FRAMEWORK_SEARCH_PATHS = (
					"\"$(SDKROOT)/Developer/Library/Frameworks\"",
					"\"$(DEVELOPER_LIBRARY_DIR)/Frameworks\"",
				);
				GCC_PRECOMPILE_PREFIX_HEADER = YES;
				GCC_PREFIX_HEADER = "BKCBusTable/BKCBusTable-Prefix.pch";
				INFOPLIST_FILE = "BKCBusTableTests/BKCBusTableTests-Info.plist";
				PRODUCT_NAME = "$(TARGET_NAME)";
				TEST_HOST = "$(BUNDLE_LOADER)";
				WRAPPER_EXTENSION = octest;
			};
			name = Release;
		};
/* End XCBuildConfiguration section */

/* Begin XCConfigurationList section */
		BE00A6AA16E6DC93007097D0 /* Build configuration list for PBXProject "BKCBusTable" */ = {
			isa = XCConfigurationList;
			buildConfigurations = (
				BE00A6E716E6DC93007097D0 /* Debug */,
				BE00A6E816E6DC93007097D0 /* Release */,
			);
			defaultConfigurationIsVisible = 0;
			defaultConfigurationName = Release;
		};
		BE00A6E916E6DC93007097D0 /* Build configuration list for PBXNativeTarget "BKCBusTable" */ = {
			isa = XCConfigurationList;
			buildConfigurations = (
				BE00A6EA16E6DC93007097D0 /* Debug */,
				BE00A6EB16E6DC93007097D0 /* Release */,
			);
			defaultConfigurationIsVisible = 0;
			defaultConfigurationName = Release;
		};
		BE00A6EC16E6DC93007097D0 /* Build configuration list for PBXNativeTarget "BKCBusTableTests" */ = {
			isa = XCConfigurationList;
			buildConfigurations = (
				BE00A6ED16E6DC93007097D0 /* Debug */,
				BE00A6EE16E6DC93007097D0 /* Release */,
			);
			defaultConfigurationIsVisible = 0;
			defaultConfigurationName = Release;
		};
/* End XCConfigurationList section */
	};
	rootObject = BE00A6A716E6DC93007097D0 /* Project object */;
}
